// !$*UTF8*$!
{
	archiveVersion = 1;
	classes = {
	};
	objectVersion = 46;
	objects = {

/* Begin PBXBuildFile section */
		0D4180EA429213F95B793FB0 /* libPods-A Song of Ice and Fire.a in Frameworks */ = {isa = PBXBuildFile; fileRef = D49F2874779F1899D2E5ADF6 /* libPods-A Song of Ice and Fire.a */; };
		F3152B441BF44B870048D69E /* WikiViewController.m in Sources */ = {isa = PBXBuildFile; fileRef = F3152B421BF44B870048D69E /* WikiViewController.m */; };
		F3152B471BF44BD00048D69E /* WikiViewController.xib in Resources */ = {isa = PBXBuildFile; fileRef = F3152B461BF44BD00048D69E /* WikiViewController.xib */; };
		F32A11151C1B7CAF0061C266 /* WKWebView+SynchronousEvaluateJavaScript.m in Sources */ = {isa = PBXBuildFile; fileRef = F32A11141C1B7CAF0061C266 /* WKWebView+SynchronousEvaluateJavaScript.m */; };
		F334CFCC1BEE73420074734D /* main.m in Sources */ = {isa = PBXBuildFile; fileRef = F334CFCB1BEE73420074734D /* main.m */; };
		F334CFD61BEE73420074734D /* LaunchScreen.storyboard in Resources */ = {isa = PBXBuildFile; fileRef = F334CFD41BEE73420074734D /* LaunchScreen.storyboard */; };
		F334D0011BEE73FC0074734D /* CarrouselViewController.m in Sources */ = {isa = PBXBuildFile; fileRef = F334CFDF1BEE73FC0074734D /* CarrouselViewController.m */; };
		F334D0021BEE73FC0074734D /* MainViewController.m in Sources */ = {isa = PBXBuildFile; fileRef = F334CFE11BEE73FC0074734D /* MainViewController.m */; };
		F334D0031BEE73FC0074734D /* PortalCell.m in Sources */ = {isa = PBXBuildFile; fileRef = F334CFE31BEE73FC0074734D /* PortalCell.m */; };
		F334D0051BEE73FC0074734D /* PortalCollectionViewController.m in Sources */ = {isa = PBXBuildFile; fileRef = F334CFE71BEE73FC0074734D /* PortalCollectionViewController.m */; };
		F334D0061BEE73FC0074734D /* SlideMenuViewController.m in Sources */ = {isa = PBXBuildFile; fileRef = F334CFE91BEE73FC0074734D /* SlideMenuViewController.m */; };
		F334D0071BEE73FC0074734D /* FeaturedQuoteModel.m in Sources */ = {isa = PBXBuildFile; fileRef = F334CFEC1BEE73FC0074734D /* FeaturedQuoteModel.m */; };
		F334D0091BEE73FC0074734D /* DataManager.m in Sources */ = {isa = PBXBuildFile; fileRef = F334CFF11BEE73FC0074734D /* DataManager.m */; };
		F334D00A1BEE73FC0074734D /* MainViewController.xib in Resources */ = {isa = PBXBuildFile; fileRef = F334CFF31BEE73FC0074734D /* MainViewController.xib */; };
		F334D00B1BEE73FC0074734D /* PortalCell.xib in Resources */ = {isa = PBXBuildFile; fileRef = F334CFF41BEE73FC0074734D /* PortalCell.xib */; };
		F334D00D1BEE73FC0074734D /* SlideMenuViewController.xib in Resources */ = {isa = PBXBuildFile; fileRef = F334CFF61BEE73FC0074734D /* SlideMenuViewController.xib */; };
		F334D00E1BEE73FC0074734D /* Assets.xcassets in Resources */ = {isa = PBXBuildFile; fileRef = F334CFF71BEE73FC0074734D /* Assets.xcassets */; };
		F334D00F1BEE73FC0074734D /* AppDelegate.m in Sources */ = {isa = PBXBuildFile; fileRef = F334CFF81BEE73FC0074734D /* AppDelegate.m */; };
		F334D0111BEE73FC0074734D /* WikipediaHelper.m in Sources */ = {isa = PBXBuildFile; fileRef = F334CFFF1BEE73FC0074734D /* WikipediaHelper.m */; };
		F33C82D61BF7D045005A0908 /* wikiview.css in Resources */ = {isa = PBXBuildFile; fileRef = F33C82D51BF7D045005A0908 /* wikiview.css */; };
		F34684F01BFF5A4500C7C56D /* OpenShare+Alipay.m in Sources */ = {isa = PBXBuildFile; fileRef = F34684E41BFF5A4500C7C56D /* OpenShare+Alipay.m */; };
		F34684F11BFF5A4500C7C56D /* OpenShare+QQ.m in Sources */ = {isa = PBXBuildFile; fileRef = F34684E61BFF5A4500C7C56D /* OpenShare+QQ.m */; };
		F34684F21BFF5A4500C7C56D /* OpenShare+Renren.m in Sources */ = {isa = PBXBuildFile; fileRef = F34684E81BFF5A4500C7C56D /* OpenShare+Renren.m */; };
		F34684F31BFF5A4500C7C56D /* OpenShare+Weibo.m in Sources */ = {isa = PBXBuildFile; fileRef = F34684EA1BFF5A4500C7C56D /* OpenShare+Weibo.m */; };
		F34684F41BFF5A4500C7C56D /* OpenShare+Weixin.m in Sources */ = {isa = PBXBuildFile; fileRef = F34684EC1BFF5A4500C7C56D /* OpenShare+Weixin.m */; };
		F34684F51BFF5A4500C7C56D /* OpenShare.m in Sources */ = {isa = PBXBuildFile; fileRef = F34684EE1BFF5A4500C7C56D /* OpenShare.m */; };
		F34684F71C02176D00C7C56D /* cubic_spinner.gif in Resources */ = {isa = PBXBuildFile; fileRef = F34684F61C02176D00C7C56D /* cubic_spinner.gif */; };
		F34DCA391C0BD38E00979CA7 /* CAPSPageMenu.m in Sources */ = {isa = PBXBuildFile; fileRef = F34DCA381C0BD38E00979CA7 /* CAPSPageMenu.m */; };
		F34DCA3D1C0BD4C700979CA7 /* CategoryViewController.m in Sources */ = {isa = PBXBuildFile; fileRef = F34DCA3C1C0BD4C700979CA7 /* CategoryViewController.m */; };
		F37B448F1BEE8AB400764D92 /* PortalCollectionHeaderView.m in Sources */ = {isa = PBXBuildFile; fileRef = F37B448D1BEE8AB400764D92 /* PortalCollectionHeaderView.m */; };
		F37B44921BEE8AFD00764D92 /* PortalCollectionHeaderView.xib in Resources */ = {isa = PBXBuildFile; fileRef = F37B44911BEE8AFD00764D92 /* PortalCollectionHeaderView.xib */; };
		F39290D51C0E887900A7BD2C /* CategoryMemberModel.m in Sources */ = {isa = PBXBuildFile; fileRef = F39290D41C0E887900A7BD2C /* CategoryMemberModel.m */; };
		F39290D81C0E9DE600A7BD2C /* Models.m in Sources */ = {isa = PBXBuildFile; fileRef = F39290D71C0E9DE600A7BD2C /* Models.m */; };
		F3AE09B71C1B5BE900E8A214 /* BaseActivity.m in Sources */ = {isa = PBXBuildFile; fileRef = F3AE09951C1B5BE900E8A214 /* BaseActivity.m */; };
		F3AE09B81C1B5BE900E8A214 /* QQActivity.m in Sources */ = {isa = PBXBuildFile; fileRef = F3AE09971C1B5BE900E8A214 /* QQActivity.m */; };
		F3AE09B91C1B5BE900E8A214 /* ShareActivity.m in Sources */ = {isa = PBXBuildFile; fileRef = F3AE09991C1B5BE900E8A214 /* ShareActivity.m */; };
		F3AE09BA1C1B5BE900E8A214 /* WexinSessionActivity.m in Sources */ = {isa = PBXBuildFile; fileRef = F3AE099B1C1B5BE900E8A214 /* WexinSessionActivity.m */; };
		F3AE09BB1C1B5BE900E8A214 /* WexinTimelineActivity.m in Sources */ = {isa = PBXBuildFile; fileRef = F3AE099D1C1B5BE900E8A214 /* WexinTimelineActivity.m */; };
		F3AE09BC1C1B5BE900E8A214 /* NSArray+Random.m in Sources */ = {isa = PBXBuildFile; fileRef = F3AE09A01C1B5BE900E8A214 /* NSArray+Random.m */; };
		F3AE09BD1C1B5BE900E8A214 /* UIColor+Hexadecimal.m in Sources */ = {isa = PBXBuildFile; fileRef = F3AE09A21C1B5BE900E8A214 /* UIColor+Hexadecimal.m */; };
		F3AE09BE1C1B5BE900E8A214 /* UIImage+ImageEffects.m in Sources */ = {isa = PBXBuildFile; fileRef = F3AE09A41C1B5BE900E8A214 /* UIImage+ImageEffects.m */; };
		F3AE09C01C1B5BE900E8A214 /* UINavigationController+TransparentNavigationBar.m in Sources */ = {isa = PBXBuildFile; fileRef = F3AE09A81C1B5BE900E8A214 /* UINavigationController+TransparentNavigationBar.m */; };
		F3AE09C11C1B5BE900E8A214 /* PortalNavigationAnimator.m in Sources */ = {isa = PBXBuildFile; fileRef = F3AE09AB1C1B5BE900E8A214 /* PortalNavigationAnimator.m */; };
		F3AE09C21C1B5BE900E8A214 /* PortalNavigationDelegate.m in Sources */ = {isa = PBXBuildFile; fileRef = F3AE09AD1C1B5BE900E8A214 /* PortalNavigationDelegate.m */; };
		F3AE09C31C1B5BE900E8A214 /* PortalNavigationInteraction.m in Sources */ = {isa = PBXBuildFile; fileRef = F3AE09AF1C1B5BE900E8A214 /* PortalNavigationInteraction.m */; };
		F3AE09C41C1B5BE900E8A214 /* UIParallelogramButton.m in Sources */ = {isa = PBXBuildFile; fileRef = F3AE09B31C1B5BE900E8A214 /* UIParallelogramButton.m */; };
		F3AE09C51C1B5BE900E8A214 /* Spinner.m in Sources */ = {isa = PBXBuildFile; fileRef = F3AE09B61C1B5BE900E8A214 /* Spinner.m */; };
		F3BD1DF51BF8D8C300B6DA69 /* ParallaxHeaderView.m in Sources */ = {isa = PBXBuildFile; fileRef = F3BD1DF41BF8D8C300B6DA69 /* ParallaxHeaderView.m */; };
		F3BD1DF91BF8E71600B6DA69 /* GradientView.m in Sources */ = {isa = PBXBuildFile; fileRef = F3BD1DF81BF8E71600B6DA69 /* GradientView.m */; };
		F3BE138C1BF26F5E00CC5159 /* KnowTipModel.m in Sources */ = {isa = PBXBuildFile; fileRef = F3BE138B1BF26F5E00CC5159 /* KnowTipModel.m */; };
		F3BE13901BF270CF00CC5159 /* KnowTipTableViewController.m in Sources */ = {isa = PBXBuildFile; fileRef = F3BE138E1BF270CF00CC5159 /* KnowTipTableViewController.m */; };
		F3BE13941BF2711100CC5159 /* KnowTipTableViewController.xib in Resources */ = {isa = PBXBuildFile; fileRef = F3BE13931BF2711100CC5159 /* KnowTipTableViewController.xib */; };
		F3C8AACA1C13C54C0080C138 /* PortalLayout.m in Sources */ = {isa = PBXBuildFile; fileRef = F3C8AAC91C13C54C0080C138 /* PortalLayout.m */; };
		F3EF0B8B1C1028BF00B73DA7 /* wikiview-min.css in Resources */ = {isa = PBXBuildFile; fileRef = F3EF0B8A1C1028BF00B73DA7 /* wikiview-min.css */; };
		F3EF0B941C10409500B73DA7 /* CategoryMembersModel.m in Sources */ = {isa = PBXBuildFile; fileRef = F3EF0B931C10409500B73DA7 /* CategoryMembersModel.m */; };
		F3EF0B971C10CDBE00B73DA7 /* CMBaseTableViewController.m in Sources */ = {isa = PBXBuildFile; fileRef = F3EF0B961C10CDBE00B73DA7 /* CMBaseTableViewController.m */; };
		F3EF0B9B1C10CEB200B73DA7 /* PageTable.m in Sources */ = {isa = PBXBuildFile; fileRef = F3EF0B991C10CEB200B73DA7 /* PageTable.m */; };
		F3EF0BA21C10D9B600B73DA7 /* SubCategoryTable.m in Sources */ = {isa = PBXBuildFile; fileRef = F3EF0BA11C10D9B600B73DA7 /* SubCategoryTable.m */; };
		F3EF0BA51C10E28B00B73DA7 /* knight_spinner.gif in Resources */ = {isa = PBXBuildFile; fileRef = F3EF0BA41C10E28B00B73DA7 /* knight_spinner.gif */; };
		F3EF0BD31C10ED0F00B73DA7 /* MJRefreshAutoFooter.m in Sources */ = {isa = PBXBuildFile; fileRef = F3EF0BA91C10ED0F00B73DA7 /* MJRefreshAutoFooter.m */; };
		F3EF0BD41C10ED0F00B73DA7 /* MJRefreshBackFooter.m in Sources */ = {isa = PBXBuildFile; fileRef = F3EF0BAB1C10ED0F00B73DA7 /* MJRefreshBackFooter.m */; };
		F3EF0BD51C10ED0F00B73DA7 /* MJRefreshComponent.m in Sources */ = {isa = PBXBuildFile; fileRef = F3EF0BAD1C10ED0F00B73DA7 /* MJRefreshComponent.m */; };
		F3EF0BD61C10ED0F00B73DA7 /* MJRefreshFooter.m in Sources */ = {isa = PBXBuildFile; fileRef = F3EF0BAF1C10ED0F00B73DA7 /* MJRefreshFooter.m */; };
		F3EF0BD71C10ED0F00B73DA7 /* MJRefreshHeader.m in Sources */ = {isa = PBXBuildFile; fileRef = F3EF0BB11C10ED0F00B73DA7 /* MJRefreshHeader.m */; };
		F3EF0BD81C10ED0F00B73DA7 /* MJRefreshAutoGifFooter.m in Sources */ = {isa = PBXBuildFile; fileRef = F3EF0BB61C10ED0F00B73DA7 /* MJRefreshAutoGifFooter.m */; };
		F3EF0BD91C10ED0F00B73DA7 /* MJRefreshAutoNormalFooter.m in Sources */ = {isa = PBXBuildFile; fileRef = F3EF0BB81C10ED0F00B73DA7 /* MJRefreshAutoNormalFooter.m */; };
		F3EF0BDA1C10ED0F00B73DA7 /* MJRefreshAutoStateFooter.m in Sources */ = {isa = PBXBuildFile; fileRef = F3EF0BBA1C10ED0F00B73DA7 /* MJRefreshAutoStateFooter.m */; };
		F3EF0BDB1C10ED0F00B73DA7 /* MJRefreshBackGifFooter.m in Sources */ = {isa = PBXBuildFile; fileRef = F3EF0BBD1C10ED0F00B73DA7 /* MJRefreshBackGifFooter.m */; };
		F3EF0BDC1C10ED0F00B73DA7 /* MJRefreshBackNormalFooter.m in Sources */ = {isa = PBXBuildFile; fileRef = F3EF0BBF1C10ED0F00B73DA7 /* MJRefreshBackNormalFooter.m */; };
		F3EF0BDD1C10ED0F00B73DA7 /* MJRefreshBackStateFooter.m in Sources */ = {isa = PBXBuildFile; fileRef = F3EF0BC11C10ED0F00B73DA7 /* MJRefreshBackStateFooter.m */; };
		F3EF0BDE1C10ED0F00B73DA7 /* MJRefreshGifHeader.m in Sources */ = {isa = PBXBuildFile; fileRef = F3EF0BC41C10ED0F00B73DA7 /* MJRefreshGifHeader.m */; };
		F3EF0BDF1C10ED0F00B73DA7 /* MJRefreshNormalHeader.m in Sources */ = {isa = PBXBuildFile; fileRef = F3EF0BC61C10ED0F00B73DA7 /* MJRefreshNormalHeader.m */; };
		F3EF0BE01C10ED0F00B73DA7 /* MJRefreshStateHeader.m in Sources */ = {isa = PBXBuildFile; fileRef = F3EF0BC81C10ED0F00B73DA7 /* MJRefreshStateHeader.m */; };
		F3EF0BE11C10ED0F00B73DA7 /* MJRefresh.bundle in Resources */ = {isa = PBXBuildFile; fileRef = F3EF0BC91C10ED0F00B73DA7 /* MJRefresh.bundle */; };
		F3EF0BE21C10ED0F00B73DA7 /* MJRefreshConst.m in Sources */ = {isa = PBXBuildFile; fileRef = F3EF0BCC1C10ED0F00B73DA7 /* MJRefreshConst.m */; };
		F3EF0BE31C10ED0F00B73DA7 /* UIScrollView+MJExtension.m in Sources */ = {isa = PBXBuildFile; fileRef = F3EF0BCE1C10ED0F00B73DA7 /* UIScrollView+MJExtension.m */; };
		F3EF0BE41C10ED0F00B73DA7 /* UIScrollView+MJRefresh.m in Sources */ = {isa = PBXBuildFile; fileRef = F3EF0BD01C10ED0F00B73DA7 /* UIScrollView+MJRefresh.m */; };
		F3EF0BE51C10ED0F00B73DA7 /* UIView+MJExtension.m in Sources */ = {isa = PBXBuildFile; fileRef = F3EF0BD21C10ED0F00B73DA7 /* UIView+MJExtension.m */; };
		F3EF0BE81C10EED100B73DA7 /* MJRefreshSpinnerHeader.m in Sources */ = {isa = PBXBuildFile; fileRef = F3EF0BE71C10EED100B73DA7 /* MJRefreshSpinnerHeader.m */; };
		F3EF0BEB1C11754F00B73DA7 /* MJRefreshAutoSpinnerFooter.m in Sources */ = {isa = PBXBuildFile; fileRef = F3EF0BEA1C11754F00B73DA7 /* MJRefreshAutoSpinnerFooter.m */; };
		F3F545BE1C1CAD1900FF612E /* EmptyDataSetDelegate.m in Sources */ = {isa = PBXBuildFile; fileRef = F3F545BD1C1CAD1900FF612E /* EmptyDataSetDelegate.m */; };
/* End PBXBuildFile section */

/* Begin PBXFileReference section */
		13A50C6FBDF2811B8C20D9A3 /* Pods-A Song of Ice and Fire.release.xcconfig */ = {isa = PBXFileReference; includeInIndex = 1; lastKnownFileType = text.xcconfig; name = "Pods-A Song of Ice and Fire.release.xcconfig"; path = "Pods/Target Support Files/Pods-A Song of Ice and Fire/Pods-A Song of Ice and Fire.release.xcconfig"; sourceTree = "<group>"; };
		D49F2874779F1899D2E5ADF6 /* libPods-A Song of Ice and Fire.a */ = {isa = PBXFileReference; explicitFileType = archive.ar; includeInIndex = 0; path = "libPods-A Song of Ice and Fire.a"; sourceTree = BUILT_PRODUCTS_DIR; };
		E9FD70A58E3803C69D210489 /* Pods-A Song of Ice and Fire.debug.xcconfig */ = {isa = PBXFileReference; includeInIndex = 1; lastKnownFileType = text.xcconfig; name = "Pods-A Song of Ice and Fire.debug.xcconfig"; path = "Pods/Target Support Files/Pods-A Song of Ice and Fire/Pods-A Song of Ice and Fire.debug.xcconfig"; sourceTree = "<group>"; };
		F3152B411BF44B870048D69E /* WikiViewController.h */ = {isa = PBXFileReference; fileEncoding = 4; lastKnownFileType = sourcecode.c.h; path = WikiViewController.h; sourceTree = "<group>"; };
		F3152B421BF44B870048D69E /* WikiViewController.m */ = {isa = PBXFileReference; fileEncoding = 4; lastKnownFileType = sourcecode.c.objc; path = WikiViewController.m; sourceTree = "<group>"; };
		F3152B461BF44BD00048D69E /* WikiViewController.xib */ = {isa = PBXFileReference; fileEncoding = 4; lastKnownFileType = file.xib; name = WikiViewController.xib; path = "A Song of Ice and Fire/Views/WikiViewController.xib"; sourceTree = SOURCE_ROOT; };
		F32A11131C1B7CAF0061C266 /* WKWebView+SynchronousEvaluateJavaScript.h */ = {isa = PBXFileReference; fileEncoding = 4; lastKnownFileType = sourcecode.c.h; path = "WKWebView+SynchronousEvaluateJavaScript.h"; sourceTree = "<group>"; };
		F32A11141C1B7CAF0061C266 /* WKWebView+SynchronousEvaluateJavaScript.m */ = {isa = PBXFileReference; fileEncoding = 4; lastKnownFileType = sourcecode.c.objc; path = "WKWebView+SynchronousEvaluateJavaScript.m"; sourceTree = "<group>"; };
		F334CFC71BEE73420074734D /* 冰火中文维基.app */ = {isa = PBXFileReference; explicitFileType = wrapper.application; includeInIndex = 0; path = "冰火中文维基.app"; sourceTree = BUILT_PRODUCTS_DIR; };
		F334CFCB1BEE73420074734D /* main.m */ = {isa = PBXFileReference; lastKnownFileType = sourcecode.c.objc; path = main.m; sourceTree = "<group>"; };
		F334CFD51BEE73420074734D /* Base */ = {isa = PBXFileReference; lastKnownFileType = file.storyboard; name = Base; path = Base.lproj/LaunchScreen.storyboard; sourceTree = "<group>"; };
		F334CFD71BEE73420074734D /* Info.plist */ = {isa = PBXFileReference; lastKnownFileType = text.plist.xml; path = Info.plist; sourceTree = "<group>"; };
		F334CFDE1BEE73FC0074734D /* CarrouselViewController.h */ = {isa = PBXFileReference; fileEncoding = 4; lastKnownFileType = sourcecode.c.h; path = CarrouselViewController.h; sourceTree = "<group>"; };
		F334CFDF1BEE73FC0074734D /* CarrouselViewController.m */ = {isa = PBXFileReference; fileEncoding = 4; lastKnownFileType = sourcecode.c.objc; path = CarrouselViewController.m; sourceTree = "<group>"; };
		F334CFE01BEE73FC0074734D /* MainViewController.h */ = {isa = PBXFileReference; fileEncoding = 4; lastKnownFileType = sourcecode.c.h; path = MainViewController.h; sourceTree = "<group>"; };
		F334CFE11BEE73FC0074734D /* MainViewController.m */ = {isa = PBXFileReference; fileEncoding = 4; lastKnownFileType = sourcecode.c.objc; path = MainViewController.m; sourceTree = "<group>"; };
		F334CFE21BEE73FC0074734D /* PortalCell.h */ = {isa = PBXFileReference; fileEncoding = 4; lastKnownFileType = sourcecode.c.h; path = PortalCell.h; sourceTree = "<group>"; };
		F334CFE31BEE73FC0074734D /* PortalCell.m */ = {isa = PBXFileReference; fileEncoding = 4; lastKnownFileType = sourcecode.c.objc; path = PortalCell.m; sourceTree = "<group>"; };
		F334CFE61BEE73FC0074734D /* PortalCollectionViewController.h */ = {isa = PBXFileReference; fileEncoding = 4; lastKnownFileType = sourcecode.c.h; path = PortalCollectionViewController.h; sourceTree = "<group>"; };
		F334CFE71BEE73FC0074734D /* PortalCollectionViewController.m */ = {isa = PBXFileReference; fileEncoding = 4; lastKnownFileType = sourcecode.c.objc; path = PortalCollectionViewController.m; sourceTree = "<group>"; };
		F334CFE81BEE73FC0074734D /* SlideMenuViewController.h */ = {isa = PBXFileReference; fileEncoding = 4; lastKnownFileType = sourcecode.c.h; path = SlideMenuViewController.h; sourceTree = "<group>"; };
		F334CFE91BEE73FC0074734D /* SlideMenuViewController.m */ = {isa = PBXFileReference; fileEncoding = 4; lastKnownFileType = sourcecode.c.objc; path = SlideMenuViewController.m; sourceTree = "<group>"; };
		F334CFEB1BEE73FC0074734D /* FeaturedQuoteModel.h */ = {isa = PBXFileReference; fileEncoding = 4; lastKnownFileType = sourcecode.c.h; path = FeaturedQuoteModel.h; sourceTree = "<group>"; };
		F334CFEC1BEE73FC0074734D /* FeaturedQuoteModel.m */ = {isa = PBXFileReference; fileEncoding = 4; lastKnownFileType = sourcecode.c.objc; path = FeaturedQuoteModel.m; sourceTree = "<group>"; };
		F334CFF01BEE73FC0074734D /* DataManager.h */ = {isa = PBXFileReference; fileEncoding = 4; lastKnownFileType = sourcecode.c.h; path = DataManager.h; sourceTree = "<group>"; };
		F334CFF11BEE73FC0074734D /* DataManager.m */ = {isa = PBXFileReference; fileEncoding = 4; lastKnownFileType = sourcecode.c.objc; path = DataManager.m; sourceTree = "<group>"; };
		F334CFF31BEE73FC0074734D /* MainViewController.xib */ = {isa = PBXFileReference; fileEncoding = 4; lastKnownFileType = file.xib; path = MainViewController.xib; sourceTree = "<group>"; };
		F334CFF41BEE73FC0074734D /* PortalCell.xib */ = {isa = PBXFileReference; fileEncoding = 4; lastKnownFileType = file.xib; path = PortalCell.xib; sourceTree = "<group>"; };
		F334CFF61BEE73FC0074734D /* SlideMenuViewController.xib */ = {isa = PBXFileReference; fileEncoding = 4; lastKnownFileType = file.xib; path = SlideMenuViewController.xib; sourceTree = "<group>"; };
		F334CFF71BEE73FC0074734D /* Assets.xcassets */ = {isa = PBXFileReference; lastKnownFileType = folder.assetcatalog; path = Assets.xcassets; sourceTree = "<group>"; };
		F334CFF81BEE73FC0074734D /* AppDelegate.m */ = {isa = PBXFileReference; fileEncoding = 4; lastKnownFileType = sourcecode.c.objc; path = AppDelegate.m; sourceTree = "<group>"; };
		F334CFFE1BEE73FC0074734D /* WikipediaHelper.h */ = {isa = PBXFileReference; fileEncoding = 4; lastKnownFileType = sourcecode.c.h; path = WikipediaHelper.h; sourceTree = "<group>"; };
		F334CFFF1BEE73FC0074734D /* WikipediaHelper.m */ = {isa = PBXFileReference; fileEncoding = 4; lastKnownFileType = sourcecode.c.objc; path = WikipediaHelper.m; sourceTree = "<group>"; };
		F334D0001BEE73FC0074734D /* AppDelegate.h */ = {isa = PBXFileReference; fileEncoding = 4; lastKnownFileType = sourcecode.c.h; path = AppDelegate.h; sourceTree = "<group>"; };
		F33C82D51BF7D045005A0908 /* wikiview.css */ = {isa = PBXFileReference; fileEncoding = 4; lastKnownFileType = text.css; path = wikiview.css; sourceTree = "<group>"; };
		F34684E31BFF5A4500C7C56D /* OpenShare+Alipay.h */ = {isa = PBXFileReference; fileEncoding = 4; lastKnownFileType = sourcecode.c.h; path = "OpenShare+Alipay.h"; sourceTree = "<group>"; };
		F34684E41BFF5A4500C7C56D /* OpenShare+Alipay.m */ = {isa = PBXFileReference; fileEncoding = 4; lastKnownFileType = sourcecode.c.objc; path = "OpenShare+Alipay.m"; sourceTree = "<group>"; };
		F34684E51BFF5A4500C7C56D /* OpenShare+QQ.h */ = {isa = PBXFileReference; fileEncoding = 4; lastKnownFileType = sourcecode.c.h; path = "OpenShare+QQ.h"; sourceTree = "<group>"; };
		F34684E61BFF5A4500C7C56D /* OpenShare+QQ.m */ = {isa = PBXFileReference; fileEncoding = 4; lastKnownFileType = sourcecode.c.objc; path = "OpenShare+QQ.m"; sourceTree = "<group>"; };
		F34684E71BFF5A4500C7C56D /* OpenShare+Renren.h */ = {isa = PBXFileReference; fileEncoding = 4; lastKnownFileType = sourcecode.c.h; path = "OpenShare+Renren.h"; sourceTree = "<group>"; };
		F34684E81BFF5A4500C7C56D /* OpenShare+Renren.m */ = {isa = PBXFileReference; fileEncoding = 4; lastKnownFileType = sourcecode.c.objc; path = "OpenShare+Renren.m"; sourceTree = "<group>"; };
		F34684E91BFF5A4500C7C56D /* OpenShare+Weibo.h */ = {isa = PBXFileReference; fileEncoding = 4; lastKnownFileType = sourcecode.c.h; path = "OpenShare+Weibo.h"; sourceTree = "<group>"; };
		F34684EA1BFF5A4500C7C56D /* OpenShare+Weibo.m */ = {isa = PBXFileReference; fileEncoding = 4; lastKnownFileType = sourcecode.c.objc; path = "OpenShare+Weibo.m"; sourceTree = "<group>"; };
		F34684EB1BFF5A4500C7C56D /* OpenShare+Weixin.h */ = {isa = PBXFileReference; fileEncoding = 4; lastKnownFileType = sourcecode.c.h; path = "OpenShare+Weixin.h"; sourceTree = "<group>"; };
		F34684EC1BFF5A4500C7C56D /* OpenShare+Weixin.m */ = {isa = PBXFileReference; fileEncoding = 4; lastKnownFileType = sourcecode.c.objc; path = "OpenShare+Weixin.m"; sourceTree = "<group>"; };
		F34684ED1BFF5A4500C7C56D /* OpenShare.h */ = {isa = PBXFileReference; fileEncoding = 4; lastKnownFileType = sourcecode.c.h; path = OpenShare.h; sourceTree = "<group>"; };
		F34684EE1BFF5A4500C7C56D /* OpenShare.m */ = {isa = PBXFileReference; fileEncoding = 4; lastKnownFileType = sourcecode.c.objc; path = OpenShare.m; sourceTree = "<group>"; };
		F34684EF1BFF5A4500C7C56D /* OpenShareHeader.h */ = {isa = PBXFileReference; fileEncoding = 4; lastKnownFileType = sourcecode.c.h; path = OpenShareHeader.h; sourceTree = "<group>"; };
		F34684F61C02176D00C7C56D /* cubic_spinner.gif */ = {isa = PBXFileReference; lastKnownFileType = image.gif; path = cubic_spinner.gif; sourceTree = "<group>"; };
		F34DCA371C0BD38E00979CA7 /* CAPSPageMenu.h */ = {isa = PBXFileReference; fileEncoding = 4; lastKnownFileType = sourcecode.c.h; path = CAPSPageMenu.h; sourceTree = "<group>"; };
		F34DCA381C0BD38E00979CA7 /* CAPSPageMenu.m */ = {isa = PBXFileReference; fileEncoding = 4; lastKnownFileType = sourcecode.c.objc; path = CAPSPageMenu.m; sourceTree = "<group>"; };
		F34DCA3B1C0BD4C700979CA7 /* CategoryViewController.h */ = {isa = PBXFileReference; fileEncoding = 4; lastKnownFileType = sourcecode.c.h; path = CategoryViewController.h; sourceTree = "<group>"; };
		F34DCA3C1C0BD4C700979CA7 /* CategoryViewController.m */ = {isa = PBXFileReference; fileEncoding = 4; lastKnownFileType = sourcecode.c.objc; path = CategoryViewController.m; sourceTree = "<group>"; };
		F37B448C1BEE8AB400764D92 /* PortalCollectionHeaderView.h */ = {isa = PBXFileReference; fileEncoding = 4; lastKnownFileType = sourcecode.c.h; path = PortalCollectionHeaderView.h; sourceTree = "<group>"; };
		F37B448D1BEE8AB400764D92 /* PortalCollectionHeaderView.m */ = {isa = PBXFileReference; fileEncoding = 4; lastKnownFileType = sourcecode.c.objc; path = PortalCollectionHeaderView.m; sourceTree = "<group>"; };
		F37B44911BEE8AFD00764D92 /* PortalCollectionHeaderView.xib */ = {isa = PBXFileReference; fileEncoding = 4; lastKnownFileType = file.xib; path = PortalCollectionHeaderView.xib; sourceTree = "<group>"; };
		F39290D31C0E887900A7BD2C /* CategoryMemberModel.h */ = {isa = PBXFileReference; fileEncoding = 4; lastKnownFileType = sourcecode.c.h; path = CategoryMemberModel.h; sourceTree = "<group>"; };
		F39290D41C0E887900A7BD2C /* CategoryMemberModel.m */ = {isa = PBXFileReference; fileEncoding = 4; lastKnownFileType = sourcecode.c.objc; path = CategoryMemberModel.m; sourceTree = "<group>"; };
		F39290D61C0E9DE600A7BD2C /* Models.h */ = {isa = PBXFileReference; fileEncoding = 4; lastKnownFileType = sourcecode.c.h; path = Models.h; sourceTree = "<group>"; };
		F39290D71C0E9DE600A7BD2C /* Models.m */ = {isa = PBXFileReference; fileEncoding = 4; lastKnownFileType = sourcecode.c.objc; path = Models.m; sourceTree = "<group>"; };
		F3AE09941C1B5BE900E8A214 /* BaseActivity.h */ = {isa = PBXFileReference; fileEncoding = 4; lastKnownFileType = sourcecode.c.h; path = BaseActivity.h; sourceTree = "<group>"; };
		F3AE09951C1B5BE900E8A214 /* BaseActivity.m */ = {isa = PBXFileReference; fileEncoding = 4; lastKnownFileType = sourcecode.c.objc; path = BaseActivity.m; sourceTree = "<group>"; };
		F3AE09961C1B5BE900E8A214 /* QQActivity.h */ = {isa = PBXFileReference; fileEncoding = 4; lastKnownFileType = sourcecode.c.h; path = QQActivity.h; sourceTree = "<group>"; };
		F3AE09971C1B5BE900E8A214 /* QQActivity.m */ = {isa = PBXFileReference; fileEncoding = 4; lastKnownFileType = sourcecode.c.objc; path = QQActivity.m; sourceTree = "<group>"; };
		F3AE09981C1B5BE900E8A214 /* ShareActivity.h */ = {isa = PBXFileReference; fileEncoding = 4; lastKnownFileType = sourcecode.c.h; path = ShareActivity.h; sourceTree = "<group>"; };
		F3AE09991C1B5BE900E8A214 /* ShareActivity.m */ = {isa = PBXFileReference; fileEncoding = 4; lastKnownFileType = sourcecode.c.objc; path = ShareActivity.m; sourceTree = "<group>"; };
		F3AE099A1C1B5BE900E8A214 /* WexinSessionActivity.h */ = {isa = PBXFileReference; fileEncoding = 4; lastKnownFileType = sourcecode.c.h; path = WexinSessionActivity.h; sourceTree = "<group>"; };
		F3AE099B1C1B5BE900E8A214 /* WexinSessionActivity.m */ = {isa = PBXFileReference; fileEncoding = 4; lastKnownFileType = sourcecode.c.objc; path = WexinSessionActivity.m; sourceTree = "<group>"; };
		F3AE099C1C1B5BE900E8A214 /* WexinTimelineActivity.h */ = {isa = PBXFileReference; fileEncoding = 4; lastKnownFileType = sourcecode.c.h; path = WexinTimelineActivity.h; sourceTree = "<group>"; };
		F3AE099D1C1B5BE900E8A214 /* WexinTimelineActivity.m */ = {isa = PBXFileReference; fileEncoding = 4; lastKnownFileType = sourcecode.c.objc; path = WexinTimelineActivity.m; sourceTree = "<group>"; };
		F3AE099F1C1B5BE900E8A214 /* NSArray+Random.h */ = {isa = PBXFileReference; fileEncoding = 4; lastKnownFileType = sourcecode.c.h; path = "NSArray+Random.h"; sourceTree = "<group>"; };
		F3AE09A01C1B5BE900E8A214 /* NSArray+Random.m */ = {isa = PBXFileReference; fileEncoding = 4; lastKnownFileType = sourcecode.c.objc; path = "NSArray+Random.m"; sourceTree = "<group>"; };
		F3AE09A11C1B5BE900E8A214 /* UIColor+Hexadecimal.h */ = {isa = PBXFileReference; fileEncoding = 4; lastKnownFileType = sourcecode.c.h; path = "UIColor+Hexadecimal.h"; sourceTree = "<group>"; };
		F3AE09A21C1B5BE900E8A214 /* UIColor+Hexadecimal.m */ = {isa = PBXFileReference; fileEncoding = 4; lastKnownFileType = sourcecode.c.objc; path = "UIColor+Hexadecimal.m"; sourceTree = "<group>"; };
		F3AE09A31C1B5BE900E8A214 /* UIImage+ImageEffects.h */ = {isa = PBXFileReference; fileEncoding = 4; lastKnownFileType = sourcecode.c.h; path = "UIImage+ImageEffects.h"; sourceTree = "<group>"; };
		F3AE09A41C1B5BE900E8A214 /* UIImage+ImageEffects.m */ = {isa = PBXFileReference; fileEncoding = 4; lastKnownFileType = sourcecode.c.objc; path = "UIImage+ImageEffects.m"; sourceTree = "<group>"; };
		F3AE09A71C1B5BE900E8A214 /* UINavigationController+TransparentNavigationBar.h */ = {isa = PBXFileReference; fileEncoding = 4; lastKnownFileType = sourcecode.c.h; path = "UINavigationController+TransparentNavigationBar.h"; sourceTree = "<group>"; };
		F3AE09A81C1B5BE900E8A214 /* UINavigationController+TransparentNavigationBar.m */ = {isa = PBXFileReference; fileEncoding = 4; lastKnownFileType = sourcecode.c.objc; path = "UINavigationController+TransparentNavigationBar.m"; sourceTree = "<group>"; };
		F3AE09AA1C1B5BE900E8A214 /* PortalNavigationAnimator.h */ = {isa = PBXFileReference; fileEncoding = 4; lastKnownFileType = sourcecode.c.h; path = PortalNavigationAnimator.h; sourceTree = "<group>"; };
		F3AE09AB1C1B5BE900E8A214 /* PortalNavigationAnimator.m */ = {isa = PBXFileReference; fileEncoding = 4; lastKnownFileType = sourcecode.c.objc; path = PortalNavigationAnimator.m; sourceTree = "<group>"; };
		F3AE09AC1C1B5BE900E8A214 /* PortalNavigationDelegate.h */ = {isa = PBXFileReference; fileEncoding = 4; lastKnownFileType = sourcecode.c.h; path = PortalNavigationDelegate.h; sourceTree = "<group>"; };
		F3AE09AD1C1B5BE900E8A214 /* PortalNavigationDelegate.m */ = {isa = PBXFileReference; fileEncoding = 4; lastKnownFileType = sourcecode.c.objc; path = PortalNavigationDelegate.m; sourceTree = "<group>"; };
		F3AE09AE1C1B5BE900E8A214 /* PortalNavigationInteraction.h */ = {isa = PBXFileReference; fileEncoding = 4; lastKnownFileType = sourcecode.c.h; path = PortalNavigationInteraction.h; sourceTree = "<group>"; };
		F3AE09AF1C1B5BE900E8A214 /* PortalNavigationInteraction.m */ = {isa = PBXFileReference; fileEncoding = 4; lastKnownFileType = sourcecode.c.objc; path = PortalNavigationInteraction.m; sourceTree = "<group>"; };
		F3AE09B21C1B5BE900E8A214 /* UIParallelogramButton.h */ = {isa = PBXFileReference; fileEncoding = 4; lastKnownFileType = sourcecode.c.h; path = UIParallelogramButton.h; sourceTree = "<group>"; };
		F3AE09B31C1B5BE900E8A214 /* UIParallelogramButton.m */ = {isa = PBXFileReference; fileEncoding = 4; lastKnownFileType = sourcecode.c.objc; path = UIParallelogramButton.m; sourceTree = "<group>"; };
		F3AE09B51C1B5BE900E8A214 /* Spinner.h */ = {isa = PBXFileReference; fileEncoding = 4; lastKnownFileType = sourcecode.c.h; path = Spinner.h; sourceTree = "<group>"; };
		F3AE09B61C1B5BE900E8A214 /* Spinner.m */ = {isa = PBXFileReference; fileEncoding = 4; lastKnownFileType = sourcecode.c.objc; path = Spinner.m; sourceTree = "<group>"; };
		F3BD1DF31BF8D8C300B6DA69 /* ParallaxHeaderView.h */ = {isa = PBXFileReference; fileEncoding = 4; lastKnownFileType = sourcecode.c.h; path = ParallaxHeaderView.h; sourceTree = "<group>"; };
		F3BD1DF41BF8D8C300B6DA69 /* ParallaxHeaderView.m */ = {isa = PBXFileReference; fileEncoding = 4; lastKnownFileType = sourcecode.c.objc; path = ParallaxHeaderView.m; sourceTree = "<group>"; };
		F3BD1DF71BF8E71600B6DA69 /* GradientView.h */ = {isa = PBXFileReference; fileEncoding = 4; lastKnownFileType = sourcecode.c.h; path = GradientView.h; sourceTree = "<group>"; };
		F3BD1DF81BF8E71600B6DA69 /* GradientView.m */ = {isa = PBXFileReference; fileEncoding = 4; lastKnownFileType = sourcecode.c.objc; path = GradientView.m; sourceTree = "<group>"; };
		F3BE138A1BF26F5E00CC5159 /* KnowTipModel.h */ = {isa = PBXFileReference; fileEncoding = 4; lastKnownFileType = sourcecode.c.h; path = KnowTipModel.h; sourceTree = "<group>"; };
		F3BE138B1BF26F5E00CC5159 /* KnowTipModel.m */ = {isa = PBXFileReference; fileEncoding = 4; lastKnownFileType = sourcecode.c.objc; path = KnowTipModel.m; sourceTree = "<group>"; };
		F3BE138D1BF270CF00CC5159 /* KnowTipTableViewController.h */ = {isa = PBXFileReference; fileEncoding = 4; lastKnownFileType = sourcecode.c.h; path = KnowTipTableViewController.h; sourceTree = "<group>"; };
		F3BE138E1BF270CF00CC5159 /* KnowTipTableViewController.m */ = {isa = PBXFileReference; fileEncoding = 4; lastKnownFileType = sourcecode.c.objc; path = KnowTipTableViewController.m; sourceTree = "<group>"; };
		F3BE13931BF2711100CC5159 /* KnowTipTableViewController.xib */ = {isa = PBXFileReference; fileEncoding = 4; lastKnownFileType = file.xib; name = KnowTipTableViewController.xib; path = "A Song of Ice and Fire/Views/KnowTipTableViewController.xib"; sourceTree = SOURCE_ROOT; };
		F3C8AAC81C13C54C0080C138 /* PortalLayout.h */ = {isa = PBXFileReference; fileEncoding = 4; lastKnownFileType = sourcecode.c.h; path = PortalLayout.h; sourceTree = "<group>"; };
		F3C8AAC91C13C54C0080C138 /* PortalLayout.m */ = {isa = PBXFileReference; fileEncoding = 4; lastKnownFileType = sourcecode.c.objc; path = PortalLayout.m; sourceTree = "<group>"; };
		F3EF0B8A1C1028BF00B73DA7 /* wikiview-min.css */ = {isa = PBXFileReference; fileEncoding = 4; lastKnownFileType = text.css; path = "wikiview-min.css"; sourceTree = "<group>"; };
		F3EF0B921C10409500B73DA7 /* CategoryMembersModel.h */ = {isa = PBXFileReference; fileEncoding = 4; lastKnownFileType = sourcecode.c.h; path = CategoryMembersModel.h; sourceTree = "<group>"; };
		F3EF0B931C10409500B73DA7 /* CategoryMembersModel.m */ = {isa = PBXFileReference; fileEncoding = 4; lastKnownFileType = sourcecode.c.objc; path = CategoryMembersModel.m; sourceTree = "<group>"; };
		F3EF0B951C10CDBE00B73DA7 /* CMBaseTableViewController.h */ = {isa = PBXFileReference; fileEncoding = 4; lastKnownFileType = sourcecode.c.h; path = CMBaseTableViewController.h; sourceTree = "<group>"; };
		F3EF0B961C10CDBE00B73DA7 /* CMBaseTableViewController.m */ = {isa = PBXFileReference; fileEncoding = 4; lastKnownFileType = sourcecode.c.objc; path = CMBaseTableViewController.m; sourceTree = "<group>"; };
		F3EF0B981C10CEB200B73DA7 /* PageTable.h */ = {isa = PBXFileReference; fileEncoding = 4; lastKnownFileType = sourcecode.c.h; path = PageTable.h; sourceTree = "<group>"; };
		F3EF0B991C10CEB200B73DA7 /* PageTable.m */ = {isa = PBXFileReference; fileEncoding = 4; lastKnownFileType = sourcecode.c.objc; path = PageTable.m; sourceTree = "<group>"; };
		F3EF0BA01C10D9B600B73DA7 /* SubCategoryTable.h */ = {isa = PBXFileReference; fileEncoding = 4; lastKnownFileType = sourcecode.c.h; path = SubCategoryTable.h; sourceTree = "<group>"; };
		F3EF0BA11C10D9B600B73DA7 /* SubCategoryTable.m */ = {isa = PBXFileReference; fileEncoding = 4; lastKnownFileType = sourcecode.c.objc; path = SubCategoryTable.m; sourceTree = "<group>"; };
		F3EF0BA41C10E28B00B73DA7 /* knight_spinner.gif */ = {isa = PBXFileReference; lastKnownFileType = image.gif; path = knight_spinner.gif; sourceTree = "<group>"; };
		F3EF0BA81C10ED0F00B73DA7 /* MJRefreshAutoFooter.h */ = {isa = PBXFileReference; fileEncoding = 4; lastKnownFileType = sourcecode.c.h; path = MJRefreshAutoFooter.h; sourceTree = "<group>"; };
		F3EF0BA91C10ED0F00B73DA7 /* MJRefreshAutoFooter.m */ = {isa = PBXFileReference; fileEncoding = 4; lastKnownFileType = sourcecode.c.objc; path = MJRefreshAutoFooter.m; sourceTree = "<group>"; };
		F3EF0BAA1C10ED0F00B73DA7 /* MJRefreshBackFooter.h */ = {isa = PBXFileReference; fileEncoding = 4; lastKnownFileType = sourcecode.c.h; path = MJRefreshBackFooter.h; sourceTree = "<group>"; };
		F3EF0BAB1C10ED0F00B73DA7 /* MJRefreshBackFooter.m */ = {isa = PBXFileReference; fileEncoding = 4; lastKnownFileType = sourcecode.c.objc; path = MJRefreshBackFooter.m; sourceTree = "<group>"; };
		F3EF0BAC1C10ED0F00B73DA7 /* MJRefreshComponent.h */ = {isa = PBXFileReference; fileEncoding = 4; lastKnownFileType = sourcecode.c.h; path = MJRefreshComponent.h; sourceTree = "<group>"; };
		F3EF0BAD1C10ED0F00B73DA7 /* MJRefreshComponent.m */ = {isa = PBXFileReference; fileEncoding = 4; lastKnownFileType = sourcecode.c.objc; path = MJRefreshComponent.m; sourceTree = "<group>"; };
		F3EF0BAE1C10ED0F00B73DA7 /* MJRefreshFooter.h */ = {isa = PBXFileReference; fileEncoding = 4; lastKnownFileType = sourcecode.c.h; path = MJRefreshFooter.h; sourceTree = "<group>"; };
		F3EF0BAF1C10ED0F00B73DA7 /* MJRefreshFooter.m */ = {isa = PBXFileReference; fileEncoding = 4; lastKnownFileType = sourcecode.c.objc; path = MJRefreshFooter.m; sourceTree = "<group>"; };
		F3EF0BB01C10ED0F00B73DA7 /* MJRefreshHeader.h */ = {isa = PBXFileReference; fileEncoding = 4; lastKnownFileType = sourcecode.c.h; path = MJRefreshHeader.h; sourceTree = "<group>"; };
		F3EF0BB11C10ED0F00B73DA7 /* MJRefreshHeader.m */ = {isa = PBXFileReference; fileEncoding = 4; lastKnownFileType = sourcecode.c.objc; path = MJRefreshHeader.m; sourceTree = "<group>"; };
		F3EF0BB51C10ED0F00B73DA7 /* MJRefreshAutoGifFooter.h */ = {isa = PBXFileReference; fileEncoding = 4; lastKnownFileType = sourcecode.c.h; path = MJRefreshAutoGifFooter.h; sourceTree = "<group>"; };
		F3EF0BB61C10ED0F00B73DA7 /* MJRefreshAutoGifFooter.m */ = {isa = PBXFileReference; fileEncoding = 4; lastKnownFileType = sourcecode.c.objc; path = MJRefreshAutoGifFooter.m; sourceTree = "<group>"; };
		F3EF0BB71C10ED0F00B73DA7 /* MJRefreshAutoNormalFooter.h */ = {isa = PBXFileReference; fileEncoding = 4; lastKnownFileType = sourcecode.c.h; path = MJRefreshAutoNormalFooter.h; sourceTree = "<group>"; };
		F3EF0BB81C10ED0F00B73DA7 /* MJRefreshAutoNormalFooter.m */ = {isa = PBXFileReference; fileEncoding = 4; lastKnownFileType = sourcecode.c.objc; path = MJRefreshAutoNormalFooter.m; sourceTree = "<group>"; };
		F3EF0BB91C10ED0F00B73DA7 /* MJRefreshAutoStateFooter.h */ = {isa = PBXFileReference; fileEncoding = 4; lastKnownFileType = sourcecode.c.h; path = MJRefreshAutoStateFooter.h; sourceTree = "<group>"; };
		F3EF0BBA1C10ED0F00B73DA7 /* MJRefreshAutoStateFooter.m */ = {isa = PBXFileReference; fileEncoding = 4; lastKnownFileType = sourcecode.c.objc; path = MJRefreshAutoStateFooter.m; sourceTree = "<group>"; };
		F3EF0BBC1C10ED0F00B73DA7 /* MJRefreshBackGifFooter.h */ = {isa = PBXFileReference; fileEncoding = 4; lastKnownFileType = sourcecode.c.h; path = MJRefreshBackGifFooter.h; sourceTree = "<group>"; };
		F3EF0BBD1C10ED0F00B73DA7 /* MJRefreshBackGifFooter.m */ = {isa = PBXFileReference; fileEncoding = 4; lastKnownFileType = sourcecode.c.objc; path = MJRefreshBackGifFooter.m; sourceTree = "<group>"; };
		F3EF0BBE1C10ED0F00B73DA7 /* MJRefreshBackNormalFooter.h */ = {isa = PBXFileReference; fileEncoding = 4; lastKnownFileType = sourcecode.c.h; path = MJRefreshBackNormalFooter.h; sourceTree = "<group>"; };
		F3EF0BBF1C10ED0F00B73DA7 /* MJRefreshBackNormalFooter.m */ = {isa = PBXFileReference; fileEncoding = 4; lastKnownFileType = sourcecode.c.objc; path = MJRefreshBackNormalFooter.m; sourceTree = "<group>"; };
		F3EF0BC01C10ED0F00B73DA7 /* MJRefreshBackStateFooter.h */ = {isa = PBXFileReference; fileEncoding = 4; lastKnownFileType = sourcecode.c.h; path = MJRefreshBackStateFooter.h; sourceTree = "<group>"; };
		F3EF0BC11C10ED0F00B73DA7 /* MJRefreshBackStateFooter.m */ = {isa = PBXFileReference; fileEncoding = 4; lastKnownFileType = sourcecode.c.objc; path = MJRefreshBackStateFooter.m; sourceTree = "<group>"; };
		F3EF0BC31C10ED0F00B73DA7 /* MJRefreshGifHeader.h */ = {isa = PBXFileReference; fileEncoding = 4; lastKnownFileType = sourcecode.c.h; path = MJRefreshGifHeader.h; sourceTree = "<group>"; };
		F3EF0BC41C10ED0F00B73DA7 /* MJRefreshGifHeader.m */ = {isa = PBXFileReference; fileEncoding = 4; lastKnownFileType = sourcecode.c.objc; path = MJRefreshGifHeader.m; sourceTree = "<group>"; };
		F3EF0BC51C10ED0F00B73DA7 /* MJRefreshNormalHeader.h */ = {isa = PBXFileReference; fileEncoding = 4; lastKnownFileType = sourcecode.c.h; path = MJRefreshNormalHeader.h; sourceTree = "<group>"; };
		F3EF0BC61C10ED0F00B73DA7 /* MJRefreshNormalHeader.m */ = {isa = PBXFileReference; fileEncoding = 4; lastKnownFileType = sourcecode.c.objc; path = MJRefreshNormalHeader.m; sourceTree = "<group>"; };
		F3EF0BC71C10ED0F00B73DA7 /* MJRefreshStateHeader.h */ = {isa = PBXFileReference; fileEncoding = 4; lastKnownFileType = sourcecode.c.h; path = MJRefreshStateHeader.h; sourceTree = "<group>"; };
		F3EF0BC81C10ED0F00B73DA7 /* MJRefreshStateHeader.m */ = {isa = PBXFileReference; fileEncoding = 4; lastKnownFileType = sourcecode.c.objc; path = MJRefreshStateHeader.m; sourceTree = "<group>"; };
		F3EF0BC91C10ED0F00B73DA7 /* MJRefresh.bundle */ = {isa = PBXFileReference; lastKnownFileType = "wrapper.plug-in"; path = MJRefresh.bundle; sourceTree = "<group>"; };
		F3EF0BCA1C10ED0F00B73DA7 /* MJRefresh.h */ = {isa = PBXFileReference; fileEncoding = 4; lastKnownFileType = sourcecode.c.h; path = MJRefresh.h; sourceTree = "<group>"; };
		F3EF0BCB1C10ED0F00B73DA7 /* MJRefreshConst.h */ = {isa = PBXFileReference; fileEncoding = 4; lastKnownFileType = sourcecode.c.h; path = MJRefreshConst.h; sourceTree = "<group>"; };
		F3EF0BCC1C10ED0F00B73DA7 /* MJRefreshConst.m */ = {isa = PBXFileReference; fileEncoding = 4; lastKnownFileType = sourcecode.c.objc; path = MJRefreshConst.m; sourceTree = "<group>"; };
		F3EF0BCD1C10ED0F00B73DA7 /* UIScrollView+MJExtension.h */ = {isa = PBXFileReference; fileEncoding = 4; lastKnownFileType = sourcecode.c.h; path = "UIScrollView+MJExtension.h"; sourceTree = "<group>"; };
		F3EF0BCE1C10ED0F00B73DA7 /* UIScrollView+MJExtension.m */ = {isa = PBXFileReference; fileEncoding = 4; lastKnownFileType = sourcecode.c.objc; path = "UIScrollView+MJExtension.m"; sourceTree = "<group>"; };
		F3EF0BCF1C10ED0F00B73DA7 /* UIScrollView+MJRefresh.h */ = {isa = PBXFileReference; fileEncoding = 4; lastKnownFileType = sourcecode.c.h; path = "UIScrollView+MJRefresh.h"; sourceTree = "<group>"; };
		F3EF0BD01C10ED0F00B73DA7 /* UIScrollView+MJRefresh.m */ = {isa = PBXFileReference; fileEncoding = 4; lastKnownFileType = sourcecode.c.objc; path = "UIScrollView+MJRefresh.m"; sourceTree = "<group>"; };
		F3EF0BD11C10ED0F00B73DA7 /* UIView+MJExtension.h */ = {isa = PBXFileReference; fileEncoding = 4; lastKnownFileType = sourcecode.c.h; path = "UIView+MJExtension.h"; sourceTree = "<group>"; };
		F3EF0BD21C10ED0F00B73DA7 /* UIView+MJExtension.m */ = {isa = PBXFileReference; fileEncoding = 4; lastKnownFileType = sourcecode.c.objc; path = "UIView+MJExtension.m"; sourceTree = "<group>"; };
		F3EF0BE61C10EED100B73DA7 /* MJRefreshSpinnerHeader.h */ = {isa = PBXFileReference; fileEncoding = 4; lastKnownFileType = sourcecode.c.h; path = MJRefreshSpinnerHeader.h; sourceTree = "<group>"; };
		F3EF0BE71C10EED100B73DA7 /* MJRefreshSpinnerHeader.m */ = {isa = PBXFileReference; fileEncoding = 4; lastKnownFileType = sourcecode.c.objc; path = MJRefreshSpinnerHeader.m; sourceTree = "<group>"; };
		F3EF0BE91C11754F00B73DA7 /* MJRefreshAutoSpinnerFooter.h */ = {isa = PBXFileReference; fileEncoding = 4; lastKnownFileType = sourcecode.c.h; path = MJRefreshAutoSpinnerFooter.h; sourceTree = "<group>"; };
		F3EF0BEA1C11754F00B73DA7 /* MJRefreshAutoSpinnerFooter.m */ = {isa = PBXFileReference; fileEncoding = 4; lastKnownFileType = sourcecode.c.objc; path = MJRefreshAutoSpinnerFooter.m; sourceTree = "<group>"; };
		F3F545BC1C1CAD1900FF612E /* EmptyDataSetDelegate.h */ = {isa = PBXFileReference; fileEncoding = 4; lastKnownFileType = sourcecode.c.h; path = EmptyDataSetDelegate.h; sourceTree = "<group>"; };
		F3F545BD1C1CAD1900FF612E /* EmptyDataSetDelegate.m */ = {isa = PBXFileReference; fileEncoding = 4; lastKnownFileType = sourcecode.c.objc; path = EmptyDataSetDelegate.m; sourceTree = "<group>"; };
/* End PBXFileReference section */

/* Begin PBXFrameworksBuildPhase section */
		F334CFC41BEE73420074734D /* Frameworks */ = {
			isa = PBXFrameworksBuildPhase;
			buildActionMask = 2147483647;
			files = (
				0D4180EA429213F95B793FB0 /* libPods-A Song of Ice and Fire.a in Frameworks */,
			);
			runOnlyForDeploymentPostprocessing = 0;
		};
/* End PBXFrameworksBuildPhase section */

/* Begin PBXGroup section */
		8E4CCC3A5930759B06F3E161 /* Frameworks */ = {
			isa = PBXGroup;
			children = (
				D49F2874779F1899D2E5ADF6 /* libPods-A Song of Ice and Fire.a */,
			);
			name = Frameworks;
			sourceTree = "<group>";
		};
		E4B4CAD4D20C3E951752E051 /* Pods */ = {
			isa = PBXGroup;
			children = (
				E9FD70A58E3803C69D210489 /* Pods-A Song of Ice and Fire.debug.xcconfig */,
				13A50C6FBDF2811B8C20D9A3 /* Pods-A Song of Ice and Fire.release.xcconfig */,
			);
			name = Pods;
			sourceTree = "<group>";
		};
		F3152B481BF44BEF0048D69E /* WikiViewController */ = {
			isa = PBXGroup;
			children = (
				F3152B411BF44B870048D69E /* WikiViewController.h */,
				F3152B421BF44B870048D69E /* WikiViewController.m */,
			);
			name = WikiViewController;
			sourceTree = "<group>";
		};
		F334CFBE1BEE73420074734D = {
			isa = PBXGroup;
			children = (
				F334CFC91BEE73420074734D /* A Song of Ice and Fire */,
				F334CFC81BEE73420074734D /* Products */,
				E4B4CAD4D20C3E951752E051 /* Pods */,
				8E4CCC3A5930759B06F3E161 /* Frameworks */,
			);
			sourceTree = "<group>";
		};
		F334CFC81BEE73420074734D /* Products */ = {
			isa = PBXGroup;
			children = (
				F334CFC71BEE73420074734D /* 冰火中文维基.app */,
			);
			name = Products;
			sourceTree = "<group>";
		};
		F334CFC91BEE73420074734D /* A Song of Ice and Fire */ = {
			isa = PBXGroup;
			children = (
				F334CFDD1BEE73FC0074734D /* Controllers */,
				F334CFEA1BEE73FC0074734D /* Models */,
				F334CFEF1BEE73FC0074734D /* Managers */,
				F334CFF21BEE73FC0074734D /* Views */,
				F334CFF71BEE73FC0074734D /* Assets.xcassets */,
				F334CFF91BEE73FC0074734D /* Library */,
				F334CFCA1BEE73420074734D /* Supporting Files */,
				F33C82D41BF7D045005A0908 /* Resources */,
			);
			path = "A Song of Ice and Fire";
			sourceTree = "<group>";
		};
		F334CFCA1BEE73420074734D /* Supporting Files */ = {
			isa = PBXGroup;
			children = (
				F334D0001BEE73FC0074734D /* AppDelegate.h */,
				F334CFF81BEE73FC0074734D /* AppDelegate.m */,
				F334CFD41BEE73420074734D /* LaunchScreen.storyboard */,
				F334CFD71BEE73420074734D /* Info.plist */,
				F334CFCB1BEE73420074734D /* main.m */,
			);
			name = "Supporting Files";
			sourceTree = "<group>";
		};
		F334CFDD1BEE73FC0074734D /* Controllers */ = {
			isa = PBXGroup;
			children = (
				F334D0131BEE74330074734D /* MainController */,
				F334D0121BEE74270074734D /* CarrouselController */,
				F334D0141BEE743C0074734D /* PortalCollectionController */,
				F34DCA3A1C0BD45300979CA7 /* CategoryController */,
				F3BE13921BF270D600CC5159 /* KnowTipTableController */,
				F334D0151BEE74480074734D /* SlideMenuController */,
				F3152B481BF44BEF0048D69E /* WikiViewController */,
			);
			path = Controllers;
			sourceTree = "<group>";
		};
		F334CFEA1BEE73FC0074734D /* Models */ = {
			isa = PBXGroup;
			children = (
				F39290D61C0E9DE600A7BD2C /* Models.h */,
				F39290D71C0E9DE600A7BD2C /* Models.m */,
				F334CFEB1BEE73FC0074734D /* FeaturedQuoteModel.h */,
				F334CFEC1BEE73FC0074734D /* FeaturedQuoteModel.m */,
				F3BE138A1BF26F5E00CC5159 /* KnowTipModel.h */,
				F3BE138B1BF26F5E00CC5159 /* KnowTipModel.m */,
				F39290D31C0E887900A7BD2C /* CategoryMemberModel.h */,
				F39290D41C0E887900A7BD2C /* CategoryMemberModel.m */,
				F3EF0B921C10409500B73DA7 /* CategoryMembersModel.h */,
				F3EF0B931C10409500B73DA7 /* CategoryMembersModel.m */,
			);
			path = Models;
			sourceTree = "<group>";
		};
		F334CFEF1BEE73FC0074734D /* Managers */ = {
			isa = PBXGroup;
			children = (
				F334CFF01BEE73FC0074734D /* DataManager.h */,
				F334CFF11BEE73FC0074734D /* DataManager.m */,
			);
			path = Managers;
			sourceTree = "<group>";
		};
		F334CFF21BEE73FC0074734D /* Views */ = {
			isa = PBXGroup;
			children = (
				F34685041C03544F00C7C56D /* MainView */,
				F37B44861BEE88BF00764D92 /* PortalCollection */,
				F334CFF61BEE73FC0074734D /* SlideMenuViewController.xib */,
				F3152B461BF44BD00048D69E /* WikiViewController.xib */,
			);
			path = Views;
			sourceTree = "<group>";
		};
		F334CFF91BEE73FC0074734D /* Library */ = {
			isa = PBXGroup;
			children = (
				F34DCA361C0BD38E00979CA7 /* CAPSPageMenu */,
				F3BD1DF61BF8E71600B6DA69 /* GradientView */,
				F3EF0BA61C10ED0F00B73DA7 /* MJRefresh */,
				F34684E21BFF5A4500C7C56D /* OpenShare */,
				F3BD1DF21BF8D8C300B6DA69 /* ParallaxHeaderView */,
				F334CFFA1BEE73FC0074734D /* Utilities */,
				F334CFFD1BEE73FC0074734D /* WikiApiObjectiveC */,
			);
			path = Library;
			sourceTree = "<group>";
		};
		F334CFFA1BEE73FC0074734D /* Utilities */ = {
			isa = PBXGroup;
			children = (
				F3AE09931C1B5BE900E8A214 /* Activity */,
				F3AE099E1C1B5BE900E8A214 /* Category */,
				F3AE09A91C1B5BE900E8A214 /* CubeNavigationAnimator */,
				F3AE09B01C1B5BE900E8A214 /* UI */,
			);
			path = Utilities;
			sourceTree = "<group>";
		};
		F334CFFD1BEE73FC0074734D /* WikiApiObjectiveC */ = {
			isa = PBXGroup;
			children = (
				F334CFFE1BEE73FC0074734D /* WikipediaHelper.h */,
				F334CFFF1BEE73FC0074734D /* WikipediaHelper.m */,
			);
			path = WikiApiObjectiveC;
			sourceTree = "<group>";
		};
		F334D0121BEE74270074734D /* CarrouselController */ = {
			isa = PBXGroup;
			children = (
				F334CFDE1BEE73FC0074734D /* CarrouselViewController.h */,
				F334CFDF1BEE73FC0074734D /* CarrouselViewController.m */,
			);
			name = CarrouselController;
			sourceTree = "<group>";
		};
		F334D0131BEE74330074734D /* MainController */ = {
			isa = PBXGroup;
			children = (
				F334CFE01BEE73FC0074734D /* MainViewController.h */,
				F334CFE11BEE73FC0074734D /* MainViewController.m */,
			);
			name = MainController;
			sourceTree = "<group>";
		};
		F334D0141BEE743C0074734D /* PortalCollectionController */ = {
			isa = PBXGroup;
			children = (
				F3C8AAC81C13C54C0080C138 /* PortalLayout.h */,
				F3C8AAC91C13C54C0080C138 /* PortalLayout.m */,
				F334CFE21BEE73FC0074734D /* PortalCell.h */,
				F334CFE31BEE73FC0074734D /* PortalCell.m */,
				F37B448C1BEE8AB400764D92 /* PortalCollectionHeaderView.h */,
				F37B448D1BEE8AB400764D92 /* PortalCollectionHeaderView.m */,
				F334CFE61BEE73FC0074734D /* PortalCollectionViewController.h */,
				F334CFE71BEE73FC0074734D /* PortalCollectionViewController.m */,
			);
			name = PortalCollectionController;
			sourceTree = "<group>";
		};
		F334D0151BEE74480074734D /* SlideMenuController */ = {
			isa = PBXGroup;
			children = (
				F334CFE81BEE73FC0074734D /* SlideMenuViewController.h */,
				F334CFE91BEE73FC0074734D /* SlideMenuViewController.m */,
			);
			name = SlideMenuController;
			sourceTree = "<group>";
		};
		F33C82D41BF7D045005A0908 /* Resources */ = {
			isa = PBXGroup;
			children = (
				F33C82D51BF7D045005A0908 /* wikiview.css */,
				F3EF0B8A1C1028BF00B73DA7 /* wikiview-min.css */,
				F34684F61C02176D00C7C56D /* cubic_spinner.gif */,
				F3EF0BA41C10E28B00B73DA7 /* knight_spinner.gif */,
			);
			path = Resources;
			sourceTree = "<group>";
		};
		F34684E21BFF5A4500C7C56D /* OpenShare */ = {
			isa = PBXGroup;
			children = (
				F34684E31BFF5A4500C7C56D /* OpenShare+Alipay.h */,
				F34684E41BFF5A4500C7C56D /* OpenShare+Alipay.m */,
				F34684E51BFF5A4500C7C56D /* OpenShare+QQ.h */,
				F34684E61BFF5A4500C7C56D /* OpenShare+QQ.m */,
				F34684E71BFF5A4500C7C56D /* OpenShare+Renren.h */,
				F34684E81BFF5A4500C7C56D /* OpenShare+Renren.m */,
				F34684E91BFF5A4500C7C56D /* OpenShare+Weibo.h */,
				F34684EA1BFF5A4500C7C56D /* OpenShare+Weibo.m */,
				F34684EB1BFF5A4500C7C56D /* OpenShare+Weixin.h */,
				F34684EC1BFF5A4500C7C56D /* OpenShare+Weixin.m */,
				F34684ED1BFF5A4500C7C56D /* OpenShare.h */,
				F34684EE1BFF5A4500C7C56D /* OpenShare.m */,
				F34684EF1BFF5A4500C7C56D /* OpenShareHeader.h */,
			);
			name = OpenShare;
			path = openshare;
			sourceTree = "<group>";
		};
		F34684FD1C022FBC00C7C56D /* PageTable */ = {
			isa = PBXGroup;
			children = (
				F3EF0B981C10CEB200B73DA7 /* PageTable.h */,
				F3EF0B991C10CEB200B73DA7 /* PageTable.m */,
			);
			name = PageTable;
			sourceTree = "<group>";
		};
		F34685041C03544F00C7C56D /* MainView */ = {
			isa = PBXGroup;
			children = (
				F334CFF31BEE73FC0074734D /* MainViewController.xib */,
				F3BE13931BF2711100CC5159 /* KnowTipTableViewController.xib */,
			);
			name = MainView;
			sourceTree = "<group>";
		};
		F34DCA361C0BD38E00979CA7 /* CAPSPageMenu */ = {
			isa = PBXGroup;
			children = (
				F34DCA371C0BD38E00979CA7 /* CAPSPageMenu.h */,
				F34DCA381C0BD38E00979CA7 /* CAPSPageMenu.m */,
			);
			path = CAPSPageMenu;
			sourceTree = "<group>";
		};
		F34DCA3A1C0BD45300979CA7 /* CategoryController */ = {
			isa = PBXGroup;
			children = (
				F34DCA3B1C0BD4C700979CA7 /* CategoryViewController.h */,
				F34DCA3C1C0BD4C700979CA7 /* CategoryViewController.m */,
				F3EF0BA31C10DBB200B73DA7 /* CMTable */,
			);
			name = CategoryController;
			sourceTree = "<group>";
		};
		F37B44861BEE88BF00764D92 /* PortalCollection */ = {
			isa = PBXGroup;
			children = (
				F37B44911BEE8AFD00764D92 /* PortalCollectionHeaderView.xib */,
				F334CFF41BEE73FC0074734D /* PortalCell.xib */,
			);
			name = PortalCollection;
			sourceTree = "<group>";
		};
		F39290E01C0ED91B00A7BD2C /* SubCategoryTable */ = {
			isa = PBXGroup;
			children = (
				F3EF0BA01C10D9B600B73DA7 /* SubCategoryTable.h */,
				F3EF0BA11C10D9B600B73DA7 /* SubCategoryTable.m */,
			);
			name = SubCategoryTable;
			sourceTree = "<group>";
		};
		F3AE09931C1B5BE900E8A214 /* Activity */ = {
			isa = PBXGroup;
			children = (
				F3AE09941C1B5BE900E8A214 /* BaseActivity.h */,
				F3AE09951C1B5BE900E8A214 /* BaseActivity.m */,
				F3AE09961C1B5BE900E8A214 /* QQActivity.h */,
				F3AE09971C1B5BE900E8A214 /* QQActivity.m */,
				F3AE09981C1B5BE900E8A214 /* ShareActivity.h */,
				F3AE09991C1B5BE900E8A214 /* ShareActivity.m */,
				F3AE099A1C1B5BE900E8A214 /* WexinSessionActivity.h */,
				F3AE099B1C1B5BE900E8A214 /* WexinSessionActivity.m */,
				F3AE099C1C1B5BE900E8A214 /* WexinTimelineActivity.h */,
				F3AE099D1C1B5BE900E8A214 /* WexinTimelineActivity.m */,
			);
			path = Activity;
			sourceTree = "<group>";
		};
		F3AE099E1C1B5BE900E8A214 /* Category */ = {
			isa = PBXGroup;
			children = (
				F3AE099F1C1B5BE900E8A214 /* NSArray+Random.h */,
				F3AE09A01C1B5BE900E8A214 /* NSArray+Random.m */,
				F3AE09A11C1B5BE900E8A214 /* UIColor+Hexadecimal.h */,
				F3AE09A21C1B5BE900E8A214 /* UIColor+Hexadecimal.m */,
				F3AE09A31C1B5BE900E8A214 /* UIImage+ImageEffects.h */,
				F3AE09A41C1B5BE900E8A214 /* UIImage+ImageEffects.m */,
				F3AE09A71C1B5BE900E8A214 /* UINavigationController+TransparentNavigationBar.h */,
				F3AE09A81C1B5BE900E8A214 /* UINavigationController+TransparentNavigationBar.m */,
				F32A11131C1B7CAF0061C266 /* WKWebView+SynchronousEvaluateJavaScript.h */,
				F32A11141C1B7CAF0061C266 /* WKWebView+SynchronousEvaluateJavaScript.m */,
			);
			path = Category;
			sourceTree = "<group>";
		};
		F3AE09A91C1B5BE900E8A214 /* CubeNavigationAnimator */ = {
			isa = PBXGroup;
			children = (
				F3AE09AA1C1B5BE900E8A214 /* PortalNavigationAnimator.h */,
				F3AE09AB1C1B5BE900E8A214 /* PortalNavigationAnimator.m */,
				F3AE09AC1C1B5BE900E8A214 /* PortalNavigationDelegate.h */,
				F3AE09AD1C1B5BE900E8A214 /* PortalNavigationDelegate.m */,
				F3AE09AE1C1B5BE900E8A214 /* PortalNavigationInteraction.h */,
				F3AE09AF1C1B5BE900E8A214 /* PortalNavigationInteraction.m */,
			);
			path = CubeNavigationAnimator;
			sourceTree = "<group>";
		};
		F3AE09B01C1B5BE900E8A214 /* UI */ = {
			isa = PBXGroup;
			children = (
				F3AE09B11C1B5BE900E8A214 /* ParallelogramButton */,
				F3AE09B41C1B5BE900E8A214 /* Spinner */,
			);
			path = UI;
			sourceTree = "<group>";
		};
		F3AE09B11C1B5BE900E8A214 /* ParallelogramButton */ = {
			isa = PBXGroup;
			children = (
				F3AE09B21C1B5BE900E8A214 /* UIParallelogramButton.h */,
				F3AE09B31C1B5BE900E8A214 /* UIParallelogramButton.m */,
			);
			path = ParallelogramButton;
			sourceTree = "<group>";
		};
		F3AE09B41C1B5BE900E8A214 /* Spinner */ = {
			isa = PBXGroup;
			children = (
				F3AE09B51C1B5BE900E8A214 /* Spinner.h */,
				F3AE09B61C1B5BE900E8A214 /* Spinner.m */,
			);
			path = Spinner;
			sourceTree = "<group>";
		};
		F3BD1DF21BF8D8C300B6DA69 /* ParallaxHeaderView */ = {
			isa = PBXGroup;
			children = (
				F3BD1DF31BF8D8C300B6DA69 /* ParallaxHeaderView.h */,
				F3BD1DF41BF8D8C300B6DA69 /* ParallaxHeaderView.m */,
			);
			path = ParallaxHeaderView;
			sourceTree = "<group>";
		};
		F3BD1DF61BF8E71600B6DA69 /* GradientView */ = {
			isa = PBXGroup;
			children = (
				F3BD1DF71BF8E71600B6DA69 /* GradientView.h */,
				F3BD1DF81BF8E71600B6DA69 /* GradientView.m */,
			);
			path = GradientView;
			sourceTree = "<group>";
		};
		F3BE13921BF270D600CC5159 /* KnowTipTableController */ = {
			isa = PBXGroup;
			children = (
				F3BE138D1BF270CF00CC5159 /* KnowTipTableViewController.h */,
				F3BE138E1BF270CF00CC5159 /* KnowTipTableViewController.m */,
			);
			name = KnowTipTableController;
			sourceTree = "<group>";
		};
		F3EF0BA31C10DBB200B73DA7 /* CMTable */ = {
			isa = PBXGroup;
			children = (
				F3F545BC1C1CAD1900FF612E /* EmptyDataSetDelegate.h */,
				F3F545BD1C1CAD1900FF612E /* EmptyDataSetDelegate.m */,
				F3EF0B951C10CDBE00B73DA7 /* CMBaseTableViewController.h */,
				F3EF0B961C10CDBE00B73DA7 /* CMBaseTableViewController.m */,
				F34684FD1C022FBC00C7C56D /* PageTable */,
				F39290E01C0ED91B00A7BD2C /* SubCategoryTable */,
			);
			name = CMTable;
			sourceTree = "<group>";
		};
		F3EF0BA61C10ED0F00B73DA7 /* MJRefresh */ = {
			isa = PBXGroup;
			children = (
				F3EF0BA71C10ED0F00B73DA7 /* Base */,
				F3EF0BB21C10ED0F00B73DA7 /* Custom */,
				F3EF0BC91C10ED0F00B73DA7 /* MJRefresh.bundle */,
				F3EF0BCA1C10ED0F00B73DA7 /* MJRefresh.h */,
				F3EF0BCB1C10ED0F00B73DA7 /* MJRefreshConst.h */,
				F3EF0BCC1C10ED0F00B73DA7 /* MJRefreshConst.m */,
				F3EF0BCD1C10ED0F00B73DA7 /* UIScrollView+MJExtension.h */,
				F3EF0BCE1C10ED0F00B73DA7 /* UIScrollView+MJExtension.m */,
				F3EF0BCF1C10ED0F00B73DA7 /* UIScrollView+MJRefresh.h */,
				F3EF0BD01C10ED0F00B73DA7 /* UIScrollView+MJRefresh.m */,
				F3EF0BD11C10ED0F00B73DA7 /* UIView+MJExtension.h */,
				F3EF0BD21C10ED0F00B73DA7 /* UIView+MJExtension.m */,
			);
			path = MJRefresh;
			sourceTree = "<group>";
		};
		F3EF0BA71C10ED0F00B73DA7 /* Base */ = {
			isa = PBXGroup;
			children = (
				F3EF0BA81C10ED0F00B73DA7 /* MJRefreshAutoFooter.h */,
				F3EF0BA91C10ED0F00B73DA7 /* MJRefreshAutoFooter.m */,
				F3EF0BAA1C10ED0F00B73DA7 /* MJRefreshBackFooter.h */,
				F3EF0BAB1C10ED0F00B73DA7 /* MJRefreshBackFooter.m */,
				F3EF0BAC1C10ED0F00B73DA7 /* MJRefreshComponent.h */,
				F3EF0BAD1C10ED0F00B73DA7 /* MJRefreshComponent.m */,
				F3EF0BAE1C10ED0F00B73DA7 /* MJRefreshFooter.h */,
				F3EF0BAF1C10ED0F00B73DA7 /* MJRefreshFooter.m */,
				F3EF0BB01C10ED0F00B73DA7 /* MJRefreshHeader.h */,
				F3EF0BB11C10ED0F00B73DA7 /* MJRefreshHeader.m */,
			);
			path = Base;
			sourceTree = "<group>";
		};
		F3EF0BB21C10ED0F00B73DA7 /* Custom */ = {
			isa = PBXGroup;
			children = (
				F3EF0BB31C10ED0F00B73DA7 /* Footer */,
				F3EF0BC21C10ED0F00B73DA7 /* Header */,
			);
			path = Custom;
			sourceTree = "<group>";
		};
		F3EF0BB31C10ED0F00B73DA7 /* Footer */ = {
			isa = PBXGroup;
			children = (
				F3EF0BB41C10ED0F00B73DA7 /* Auto */,
				F3EF0BBB1C10ED0F00B73DA7 /* Back */,
			);
			path = Footer;
			sourceTree = "<group>";
		};
		F3EF0BB41C10ED0F00B73DA7 /* Auto */ = {
			isa = PBXGroup;
			children = (
				F3EF0BB51C10ED0F00B73DA7 /* MJRefreshAutoGifFooter.h */,
				F3EF0BB61C10ED0F00B73DA7 /* MJRefreshAutoGifFooter.m */,
				F3EF0BB71C10ED0F00B73DA7 /* MJRefreshAutoNormalFooter.h */,
				F3EF0BB81C10ED0F00B73DA7 /* MJRefreshAutoNormalFooter.m */,
				F3EF0BE91C11754F00B73DA7 /* MJRefreshAutoSpinnerFooter.h */,
				F3EF0BEA1C11754F00B73DA7 /* MJRefreshAutoSpinnerFooter.m */,
				F3EF0BB91C10ED0F00B73DA7 /* MJRefreshAutoStateFooter.h */,
				F3EF0BBA1C10ED0F00B73DA7 /* MJRefreshAutoStateFooter.m */,
			);
			path = Auto;
			sourceTree = "<group>";
		};
		F3EF0BBB1C10ED0F00B73DA7 /* Back */ = {
			isa = PBXGroup;
			children = (
				F3EF0BBC1C10ED0F00B73DA7 /* MJRefreshBackGifFooter.h */,
				F3EF0BBD1C10ED0F00B73DA7 /* MJRefreshBackGifFooter.m */,
				F3EF0BBE1C10ED0F00B73DA7 /* MJRefreshBackNormalFooter.h */,
				F3EF0BBF1C10ED0F00B73DA7 /* MJRefreshBackNormalFooter.m */,
				F3EF0BC01C10ED0F00B73DA7 /* MJRefreshBackStateFooter.h */,
				F3EF0BC11C10ED0F00B73DA7 /* MJRefreshBackStateFooter.m */,
			);
			path = Back;
			sourceTree = "<group>";
		};
		F3EF0BC21C10ED0F00B73DA7 /* Header */ = {
			isa = PBXGroup;
			children = (
				F3EF0BC31C10ED0F00B73DA7 /* MJRefreshGifHeader.h */,
				F3EF0BC41C10ED0F00B73DA7 /* MJRefreshGifHeader.m */,
				F3EF0BC51C10ED0F00B73DA7 /* MJRefreshNormalHeader.h */,
				F3EF0BC61C10ED0F00B73DA7 /* MJRefreshNormalHeader.m */,
				F3EF0BE61C10EED100B73DA7 /* MJRefreshSpinnerHeader.h */,
				F3EF0BE71C10EED100B73DA7 /* MJRefreshSpinnerHeader.m */,
				F3EF0BC71C10ED0F00B73DA7 /* MJRefreshStateHeader.h */,
				F3EF0BC81C10ED0F00B73DA7 /* MJRefreshStateHeader.m */,
			);
			path = Header;
			sourceTree = "<group>";
		};
/* End PBXGroup section */

/* Begin PBXNativeTarget section */
		F334CFC61BEE73420074734D /* A Song of Ice and Fire */ = {
			isa = PBXNativeTarget;
			buildConfigurationList = F334CFDA1BEE73420074734D /* Build configuration list for PBXNativeTarget "A Song of Ice and Fire" */;
			buildPhases = (
				EC645D9A05E3DF85F62DF511 /* Check Pods Manifest.lock */,
				F334CFC31BEE73420074734D /* Sources */,
				F334CFC41BEE73420074734D /* Frameworks */,
				F334CFC51BEE73420074734D /* Resources */,
				C9AFA03E94441FDAFC1153D1 /* Embed Pods Frameworks */,
				1D91F1F46A512251CF9814D3 /* Copy Pods Resources */,
			);
			buildRules = (
			);
			dependencies = (
			);
			name = "A Song of Ice and Fire";
			productName = "A Song of Ice and Fire";
			productReference = F334CFC71BEE73420074734D /* 冰火中文维基.app */;
			productType = "com.apple.product-type.application";
		};
/* End PBXNativeTarget section */

/* Begin PBXProject section */
		F334CFBF1BEE73420074734D /* Project object */ = {
			isa = PBXProject;
			attributes = {
				LastUpgradeCheck = 0710;
				ORGANIZATIONNAME = "HeZhi Corp.";
				TargetAttributes = {
					F334CFC61BEE73420074734D = {
						CreatedOnToolsVersion = 7.1;
						DevelopmentTeam = 876H5F9MZY;
					};
				};
			};
			buildConfigurationList = F334CFC21BEE73420074734D /* Build configuration list for PBXProject "A Song of Ice and Fire" */;
			compatibilityVersion = "Xcode 3.2";
			developmentRegion = English;
			hasScannedForEncodings = 0;
			knownRegions = (
				en,
				Base,
			);
			mainGroup = F334CFBE1BEE73420074734D;
			productRefGroup = F334CFC81BEE73420074734D /* Products */;
			projectDirPath = "";
			projectRoot = "";
			targets = (
				F334CFC61BEE73420074734D /* A Song of Ice and Fire */,
			);
		};
/* End PBXProject section */

/* Begin PBXResourcesBuildPhase section */
		F334CFC51BEE73420074734D /* Resources */ = {
			isa = PBXResourcesBuildPhase;
			buildActionMask = 2147483647;
			files = (
				F3EF0BA51C10E28B00B73DA7 /* knight_spinner.gif in Resources */,
				F334CFD61BEE73420074734D /* LaunchScreen.storyboard in Resources */,
				F3EF0BE11C10ED0F00B73DA7 /* MJRefresh.bundle in Resources */,
				F334D00A1BEE73FC0074734D /* MainViewController.xib in Resources */,
				F3BE13941BF2711100CC5159 /* KnowTipTableViewController.xib in Resources */,
				F3152B471BF44BD00048D69E /* WikiViewController.xib in Resources */,
				F334D00D1BEE73FC0074734D /* SlideMenuViewController.xib in Resources */,
				F37B44921BEE8AFD00764D92 /* PortalCollectionHeaderView.xib in Resources */,
				F334D00E1BEE73FC0074734D /* Assets.xcassets in Resources */,
				F3EF0B8B1C1028BF00B73DA7 /* wikiview-min.css in Resources */,
				F34684F71C02176D00C7C56D /* cubic_spinner.gif in Resources */,
				F33C82D61BF7D045005A0908 /* wikiview.css in Resources */,
				F334D00B1BEE73FC0074734D /* PortalCell.xib in Resources */,
			);
			runOnlyForDeploymentPostprocessing = 0;
		};
/* End PBXResourcesBuildPhase section */

/* Begin PBXShellScriptBuildPhase section */
		1D91F1F46A512251CF9814D3 /* Copy Pods Resources */ = {
			isa = PBXShellScriptBuildPhase;
			buildActionMask = 2147483647;
			files = (
			);
			inputPaths = (
			);
			name = "Copy Pods Resources";
			outputPaths = (
			);
			runOnlyForDeploymentPostprocessing = 0;
			shellPath = /bin/sh;
			shellScript = "\"${SRCROOT}/Pods/Target Support Files/Pods-A Song of Ice and Fire/Pods-A Song of Ice and Fire-resources.sh\"\n";
			showEnvVarsInLog = 0;
		};
		C9AFA03E94441FDAFC1153D1 /* Embed Pods Frameworks */ = {
			isa = PBXShellScriptBuildPhase;
			buildActionMask = 2147483647;
			files = (
			);
			inputPaths = (
			);
			name = "Embed Pods Frameworks";
			outputPaths = (
			);
			runOnlyForDeploymentPostprocessing = 0;
			shellPath = /bin/sh;
			shellScript = "\"${SRCROOT}/Pods/Target Support Files/Pods-A Song of Ice and Fire/Pods-A Song of Ice and Fire-frameworks.sh\"\n";
			showEnvVarsInLog = 0;
		};
		EC645D9A05E3DF85F62DF511 /* Check Pods Manifest.lock */ = {
			isa = PBXShellScriptBuildPhase;
			buildActionMask = 2147483647;
			files = (
			);
			inputPaths = (
			);
			name = "Check Pods Manifest.lock";
			outputPaths = (
			);
			runOnlyForDeploymentPostprocessing = 0;
			shellPath = /bin/sh;
			shellScript = "diff \"${PODS_ROOT}/../Podfile.lock\" \"${PODS_ROOT}/Manifest.lock\" > /dev/null\nif [[ $? != 0 ]] ; then\n    cat << EOM\nerror: The sandbox is not in sync with the Podfile.lock. Run 'pod install' or update your CocoaPods installation.\nEOM\n    exit 1\nfi\n";
			showEnvVarsInLog = 0;
		};
/* End PBXShellScriptBuildPhase section */

/* Begin PBXSourcesBuildPhase section */
		F334CFC31BEE73420074734D /* Sources */ = {
			isa = PBXSourcesBuildPhase;
			buildActionMask = 2147483647;
			files = (
				F3AE09C01C1B5BE900E8A214 /* UINavigationController+TransparentNavigationBar.m in Sources */,
				F3EF0BDE1C10ED0F00B73DA7 /* MJRefreshGifHeader.m in Sources */,
				F3BD1DF51BF8D8C300B6DA69 /* ParallaxHeaderView.m in Sources */,
				F34DCA391C0BD38E00979CA7 /* CAPSPageMenu.m in Sources */,
				F3AE09BC1C1B5BE900E8A214 /* NSArray+Random.m in Sources */,
				F32A11151C1B7CAF0061C266 /* WKWebView+SynchronousEvaluateJavaScript.m in Sources */,
				F3AE09BB1C1B5BE900E8A214 /* WexinTimelineActivity.m in Sources */,
				F3EF0BE41C10ED0F00B73DA7 /* UIScrollView+MJRefresh.m in Sources */,
				F39290D51C0E887900A7BD2C /* CategoryMemberModel.m in Sources */,
				F334D00F1BEE73FC0074734D /* AppDelegate.m in Sources */,
				F3AE09B91C1B5BE900E8A214 /* ShareActivity.m in Sources */,
				F334CFCC1BEE73420074734D /* main.m in Sources */,
				F3C8AACA1C13C54C0080C138 /* PortalLayout.m in Sources */,
				F34684F51BFF5A4500C7C56D /* OpenShare.m in Sources */,
				F3EF0BDC1C10ED0F00B73DA7 /* MJRefreshBackNormalFooter.m in Sources */,
				F3152B441BF44B870048D69E /* WikiViewController.m in Sources */,
				F334D0091BEE73FC0074734D /* DataManager.m in Sources */,
				F34DCA3D1C0BD4C700979CA7 /* CategoryViewController.m in Sources */,
				F3AE09B71C1B5BE900E8A214 /* BaseActivity.m in Sources */,
				F3EF0BD91C10ED0F00B73DA7 /* MJRefreshAutoNormalFooter.m in Sources */,
				F3AE09BD1C1B5BE900E8A214 /* UIColor+Hexadecimal.m in Sources */,
				F34684F21BFF5A4500C7C56D /* OpenShare+Renren.m in Sources */,
				F3BE13901BF270CF00CC5159 /* KnowTipTableViewController.m in Sources */,
				F39290D81C0E9DE600A7BD2C /* Models.m in Sources */,
				F3EF0BE31C10ED0F00B73DA7 /* UIScrollView+MJExtension.m in Sources */,
				F34684F11BFF5A4500C7C56D /* OpenShare+QQ.m in Sources */,
				F3F545BE1C1CAD1900FF612E /* EmptyDataSetDelegate.m in Sources */,
				F3EF0B9B1C10CEB200B73DA7 /* PageTable.m in Sources */,
				F3AE09C21C1B5BE900E8A214 /* PortalNavigationDelegate.m in Sources */,
				F3BE138C1BF26F5E00CC5159 /* KnowTipModel.m in Sources */,
				F3EF0BA21C10D9B600B73DA7 /* SubCategoryTable.m in Sources */,
				F34684F31BFF5A4500C7C56D /* OpenShare+Weibo.m in Sources */,
				F334D0031BEE73FC0074734D /* PortalCell.m in Sources */,
				F334D0021BEE73FC0074734D /* MainViewController.m in Sources */,
				F34684F01BFF5A4500C7C56D /* OpenShare+Alipay.m in Sources */,
				F334D0111BEE73FC0074734D /* WikipediaHelper.m in Sources */,
				F3EF0B941C10409500B73DA7 /* CategoryMembersModel.m in Sources */,
				F334D0061BEE73FC0074734D /* SlideMenuViewController.m in Sources */,
				F3EF0BE51C10ED0F00B73DA7 /* UIView+MJExtension.m in Sources */,
				F3EF0BE21C10ED0F00B73DA7 /* MJRefreshConst.m in Sources */,
				F3BD1DF91BF8E71600B6DA69 /* GradientView.m in Sources */,
				F3EF0BDB1C10ED0F00B73DA7 /* MJRefreshBackGifFooter.m in Sources */,
				F3EF0BD31C10ED0F00B73DA7 /* MJRefreshAutoFooter.m in Sources */,
				F334D0051BEE73FC0074734D /* PortalCollectionViewController.m in Sources */,
				F3EF0BD51C10ED0F00B73DA7 /* MJRefreshComponent.m in Sources */,
				F3EF0BDD1C10ED0F00B73DA7 /* MJRefreshBackStateFooter.m in Sources */,
				F3EF0BD61C10ED0F00B73DA7 /* MJRefreshFooter.m in Sources */,
				F334D0071BEE73FC0074734D /* FeaturedQuoteModel.m in Sources */,
				F34684F41BFF5A4500C7C56D /* OpenShare+Weixin.m in Sources */,
				F3EF0BDF1C10ED0F00B73DA7 /* MJRefreshNormalHeader.m in Sources */,
				F3EF0BDA1C10ED0F00B73DA7 /* MJRefreshAutoStateFooter.m in Sources */,
				F3EF0BD81C10ED0F00B73DA7 /* MJRefreshAutoGifFooter.m in Sources */,
				F3AE09C11C1B5BE900E8A214 /* PortalNavigationAnimator.m in Sources */,
				F3AE09C31C1B5BE900E8A214 /* PortalNavigationInteraction.m in Sources */,
				F3AE09B81C1B5BE900E8A214 /* QQActivity.m in Sources */,
				F3EF0BEB1C11754F00B73DA7 /* MJRefreshAutoSpinnerFooter.m in Sources */,
				F3EF0BD41C10ED0F00B73DA7 /* MJRefreshBackFooter.m in Sources */,
				F334D0011BEE73FC0074734D /* CarrouselViewController.m in Sources */,
				F37B448F1BEE8AB400764D92 /* PortalCollectionHeaderView.m in Sources */,
				F3AE09BA1C1B5BE900E8A214 /* WexinSessionActivity.m in Sources */,
				F3EF0BE81C10EED100B73DA7 /* MJRefreshSpinnerHeader.m in Sources */,
				F3AE09C41C1B5BE900E8A214 /* UIParallelogramButton.m in Sources */,
				F3AE09BE1C1B5BE900E8A214 /* UIImage+ImageEffects.m in Sources */,
				F3AE09C51C1B5BE900E8A214 /* Spinner.m in Sources */,
				F3EF0B971C10CDBE00B73DA7 /* CMBaseTableViewController.m in Sources */,
				F3EF0BE01C10ED0F00B73DA7 /* MJRefreshStateHeader.m in Sources */,
				F3EF0BD71C10ED0F00B73DA7 /* MJRefreshHeader.m in Sources */,
			);
			runOnlyForDeploymentPostprocessing = 0;
		};
/* End PBXSourcesBuildPhase section */

/* Begin PBXVariantGroup section */
		F334CFD41BEE73420074734D /* LaunchScreen.storyboard */ = {
			isa = PBXVariantGroup;
			children = (
				F334CFD51BEE73420074734D /* Base */,
			);
			name = LaunchScreen.storyboard;
			sourceTree = "<group>";
		};
/* End PBXVariantGroup section */

/* Begin XCBuildConfiguration section */
		F334CFD81BEE73420074734D /* Debug */ = {
			isa = XCBuildConfiguration;
			buildSettings = {
				ALWAYS_SEARCH_USER_PATHS = NO;
				CLANG_CXX_LANGUAGE_STANDARD = "gnu++0x";
				CLANG_CXX_LIBRARY = "libc++";
				CLANG_ENABLE_MODULES = YES;
				CLANG_ENABLE_OBJC_ARC = YES;
				CLANG_WARN_BOOL_CONVERSION = YES;
				CLANG_WARN_CONSTANT_CONVERSION = YES;
				CLANG_WARN_DIRECT_OBJC_ISA_USAGE = YES_ERROR;
				CLANG_WARN_EMPTY_BODY = YES;
				CLANG_WARN_ENUM_CONVERSION = YES;
				CLANG_WARN_INT_CONVERSION = YES;
				CLANG_WARN_OBJC_ROOT_CLASS = YES_ERROR;
				CLANG_WARN_UNREACHABLE_CODE = YES;
				CLANG_WARN__DUPLICATE_METHOD_MATCH = YES;
				"CODE_SIGN_IDENTITY[sdk=iphoneos*]" = "iPhone Developer";
				COPY_PHASE_STRIP = NO;
				DEBUG_INFORMATION_FORMAT = dwarf;
				ENABLE_STRICT_OBJC_MSGSEND = YES;
				ENABLE_TESTABILITY = YES;
				GCC_C_LANGUAGE_STANDARD = gnu99;
				GCC_DYNAMIC_NO_PIC = NO;
				GCC_NO_COMMON_BLOCKS = YES;
				GCC_OPTIMIZATION_LEVEL = 0;
				GCC_PREPROCESSOR_DEFINITIONS = (
					"DEBUG=1",
					"$(inherited)",
				);
				GCC_WARN_64_TO_32_BIT_CONVERSION = YES;
				GCC_WARN_ABOUT_RETURN_TYPE = YES_ERROR;
				GCC_WARN_UNDECLARED_SELECTOR = YES;
				GCC_WARN_UNINITIALIZED_AUTOS = YES_AGGRESSIVE;
				GCC_WARN_UNUSED_FUNCTION = YES;
				GCC_WARN_UNUSED_VARIABLE = YES;
				IPHONEOS_DEPLOYMENT_TARGET = 9.1;
				MTL_ENABLE_DEBUG_INFO = YES;
				ONLY_ACTIVE_ARCH = YES;
				SDKROOT = iphoneos;
			};
			name = Debug;
		};
		F334CFD91BEE73420074734D /* Release */ = {
			isa = XCBuildConfiguration;
			buildSettings = {
				ALWAYS_SEARCH_USER_PATHS = NO;
				CLANG_CXX_LANGUAGE_STANDARD = "gnu++0x";
				CLANG_CXX_LIBRARY = "libc++";
				CLANG_ENABLE_MODULES = YES;
				CLANG_ENABLE_OBJC_ARC = YES;
				CLANG_WARN_BOOL_CONVERSION = YES;
				CLANG_WARN_CONSTANT_CONVERSION = YES;
				CLANG_WARN_DIRECT_OBJC_ISA_USAGE = YES_ERROR;
				CLANG_WARN_EMPTY_BODY = YES;
				CLANG_WARN_ENUM_CONVERSION = YES;
				CLANG_WARN_INT_CONVERSION = YES;
				CLANG_WARN_OBJC_ROOT_CLASS = YES_ERROR;
				CLANG_WARN_UNREACHABLE_CODE = YES;
				CLANG_WARN__DUPLICATE_METHOD_MATCH = YES;
				"CODE_SIGN_IDENTITY[sdk=iphoneos*]" = "iPhone Developer";
				COPY_PHASE_STRIP = NO;
				DEBUG_INFORMATION_FORMAT = "dwarf-with-dsym";
				ENABLE_NS_ASSERTIONS = NO;
				ENABLE_STRICT_OBJC_MSGSEND = YES;
				GCC_C_LANGUAGE_STANDARD = gnu99;
				GCC_NO_COMMON_BLOCKS = YES;
				GCC_WARN_64_TO_32_BIT_CONVERSION = YES;
				GCC_WARN_ABOUT_RETURN_TYPE = YES_ERROR;
				GCC_WARN_UNDECLARED_SELECTOR = YES;
				GCC_WARN_UNINITIALIZED_AUTOS = YES_AGGRESSIVE;
				GCC_WARN_UNUSED_FUNCTION = YES;
				GCC_WARN_UNUSED_VARIABLE = YES;
				IPHONEOS_DEPLOYMENT_TARGET = 9.1;
				MTL_ENABLE_DEBUG_INFO = NO;
				SDKROOT = iphoneos;
				VALIDATE_PRODUCT = YES;
			};
			name = Release;
		};
		F334CFDB1BEE73420074734D /* Debug */ = {
			isa = XCBuildConfiguration;
			baseConfigurationReference = E9FD70A58E3803C69D210489 /* Pods-A Song of Ice and Fire.debug.xcconfig */;
			buildSettings = {
				ASSETCATALOG_COMPILER_APPICON_NAME = AppIcon;
				CODE_SIGN_IDENTITY = "iPhone Developer";
				INFOPLIST_FILE = "A Song of Ice and Fire/Info.plist";
				IPHONEOS_DEPLOYMENT_TARGET = 9.1;
				LD_RUNPATH_SEARCH_PATHS = "$(inherited) @executable_path/Frameworks";
				PRODUCT_BUNDLE_IDENTIFIER = li.hezhi.asoiaf;
				PRODUCT_NAME = "冰火中文维基";
				USER_HEADER_SEARCH_PATHS = "";
			};
			name = Debug;
		};
		F334CFDC1BEE73420074734D /* Release */ = {
			isa = XCBuildConfiguration;
			baseConfigurationReference = 13A50C6FBDF2811B8C20D9A3 /* Pods-A Song of Ice and Fire.release.xcconfig */;
			buildSettings = {
				ASSETCATALOG_COMPILER_APPICON_NAME = AppIcon;
				CODE_SIGN_IDENTITY = "iPhone Developer";
				INFOPLIST_FILE = "A Song of Ice and Fire/Info.plist";
				IPHONEOS_DEPLOYMENT_TARGET = 9.1;
				LD_RUNPATH_SEARCH_PATHS = "$(inherited) @executable_path/Frameworks";
				PRODUCT_BUNDLE_IDENTIFIER = li.hezhi.asoiaf;
				PRODUCT_NAME = "冰火中文维基";
				USER_HEADER_SEARCH_PATHS = "";
			};
			name = Release;
		};
/* End XCBuildConfiguration section */

/* Begin XCConfigurationList section */
		F334CFC21BEE73420074734D /* Build configuration list for PBXProject "A Song of Ice and Fire" */ = {
			isa = XCConfigurationList;
			buildConfigurations = (
				F334CFD81BEE73420074734D /* Debug */,
				F334CFD91BEE73420074734D /* Release */,
			);
			defaultConfigurationIsVisible = 0;
			defaultConfigurationName = Release;
		};
		F334CFDA1BEE73420074734D /* Build configuration list for PBXNativeTarget "A Song of Ice and Fire" */ = {
			isa = XCConfigurationList;
			buildConfigurations = (
				F334CFDB1BEE73420074734D /* Debug */,
				F334CFDC1BEE73420074734D /* Release */,
			);
			defaultConfigurationIsVisible = 0;
			defaultConfigurationName = Release;
		};
/* End XCConfigurationList section */
	};
	rootObject = F334CFBF1BEE73420074734D /* Project object */;
}
