// !$*UTF8*$!
{
	archiveVersion = 1;
	classes = {
	};
	objectVersion = 46;
	objects = {

/* Begin PBXBuildFile section */
		DC1F6FD39928F5E4F3AD28FF /* libPods-ice.a in Frameworks */ = {isa = PBXBuildFile; fileRef = 1126F15587901FAF623D8055 /* libPods-ice.a */; };
		F30BB1621BDCC27C00F4FAD2 /* main.m in Sources */ = {isa = PBXBuildFile; fileRef = F30BB1611BDCC27C00F4FAD2 /* main.m */; };
		F30BB1651BDCC27C00F4FAD2 /* AppDelegate.m in Sources */ = {isa = PBXBuildFile; fileRef = F30BB1641BDCC27C00F4FAD2 /* AppDelegate.m */; };
		F30BB1671BDCC27C00F4FAD2 /* ice-Prefix.pch in Resources */ = {isa = PBXBuildFile; fileRef = F30BB1661BDCC27C00F4FAD2 /* ice-Prefix.pch */; };
		F30BB1691BDCC27C00F4FAD2 /* Assets.xcassets in Resources */ = {isa = PBXBuildFile; fileRef = F30BB1681BDCC27C00F4FAD2 /* Assets.xcassets */; };
		F30BB16C1BDCC27C00F4FAD2 /* LaunchScreen.storyboard in Resources */ = {isa = PBXBuildFile; fileRef = F30BB16A1BDCC27C00F4FAD2 /* LaunchScreen.storyboard */; };
		F30BB1761BDCC38400F4FAD2 /* MainViewController.m in Sources */ = {isa = PBXBuildFile; fileRef = F30BB1741BDCC38400F4FAD2 /* MainViewController.m */; };
		F30BB1771BDCC38400F4FAD2 /* MainViewController.xib in Resources */ = {isa = PBXBuildFile; fileRef = F30BB1751BDCC38400F4FAD2 /* MainViewController.xib */; };
		F32E94E01BDCCD04008F9AA5 /* SlideMenuViewController.m in Sources */ = {isa = PBXBuildFile; fileRef = F32E94DE1BDCCD04008F9AA5 /* SlideMenuViewController.m */; };
		F32E94E11BDCCD04008F9AA5 /* SlideMenuViewController.xib in Resources */ = {isa = PBXBuildFile; fileRef = F32E94DF1BDCCD04008F9AA5 /* SlideMenuViewController.xib */; };
		F39241C81BE396FA000292AE /* DataStore.m in Sources */ = {isa = PBXBuildFile; fileRef = F39241C71BE396FA000292AE /* DataStore.m */; };
		F3E1F1891BE4A04100E14B25 /* WikipediaHelper.m in Sources */ = {isa = PBXBuildFile; fileRef = F3E1F1881BE4A04100E14B25 /* WikipediaHelper.m */; };
/* End PBXBuildFile section */

/* Begin PBXFileReference section */
		1126F15587901FAF623D8055 /* libPods-ice.a */ = {isa = PBXFileReference; explicitFileType = archive.ar; includeInIndex = 0; path = "libPods-ice.a"; sourceTree = BUILT_PRODUCTS_DIR; };
		29868842B1764B3CC239F80C /* Pods-ice.debug.xcconfig */ = {isa = PBXFileReference; includeInIndex = 1; lastKnownFileType = text.xcconfig; name = "Pods-ice.debug.xcconfig"; path = "Pods/Target Support Files/Pods-ice/Pods-ice.debug.xcconfig"; sourceTree = "<group>"; };
		F30BB15D1BDCC27C00F4FAD2 /* ice.app */ = {isa = PBXFileReference; explicitFileType = wrapper.application; includeInIndex = 0; path = ice.app; sourceTree = BUILT_PRODUCTS_DIR; };
		F30BB1611BDCC27C00F4FAD2 /* main.m */ = {isa = PBXFileReference; lastKnownFileType = sourcecode.c.objc; path = main.m; sourceTree = "<group>"; };
		F30BB1631BDCC27C00F4FAD2 /* AppDelegate.h */ = {isa = PBXFileReference; lastKnownFileType = sourcecode.c.h; path = AppDelegate.h; sourceTree = "<group>"; };
		F30BB1641BDCC27C00F4FAD2 /* AppDelegate.m */ = {isa = PBXFileReference; lastKnownFileType = sourcecode.c.objc; path = AppDelegate.m; sourceTree = "<group>"; };
		F30BB1661BDCC27C00F4FAD2 /* ice-Prefix.pch */ = {isa = PBXFileReference; lastKnownFileType = sourcecode.c.h; path = "ice-Prefix.pch"; sourceTree = "<group>"; };
		F30BB1681BDCC27C00F4FAD2 /* Assets.xcassets */ = {isa = PBXFileReference; lastKnownFileType = folder.assetcatalog; path = Assets.xcassets; sourceTree = "<group>"; };
		F30BB16B1BDCC27C00F4FAD2 /* Base */ = {isa = PBXFileReference; lastKnownFileType = file.storyboard; name = Base; path = Base.lproj/LaunchScreen.storyboard; sourceTree = "<group>"; };
		F30BB16D1BDCC27C00F4FAD2 /* Info.plist */ = {isa = PBXFileReference; lastKnownFileType = text.plist.xml; path = Info.plist; sourceTree = "<group>"; };
		F30BB1731BDCC38400F4FAD2 /* MainViewController.h */ = {isa = PBXFileReference; fileEncoding = 4; lastKnownFileType = sourcecode.c.h; name = MainViewController.h; path = ice/Classes/MainViewController.h; sourceTree = "<group>"; };
		F30BB1741BDCC38400F4FAD2 /* MainViewController.m */ = {isa = PBXFileReference; fileEncoding = 4; lastKnownFileType = sourcecode.c.objc; name = MainViewController.m; path = ice/Classes/MainViewController.m; sourceTree = "<group>"; };
		F30BB1751BDCC38400F4FAD2 /* MainViewController.xib */ = {isa = PBXFileReference; fileEncoding = 4; lastKnownFileType = file.xib; name = MainViewController.xib; path = ice/Classes/MainViewController.xib; sourceTree = "<group>"; };
		F32E94DD1BDCCD04008F9AA5 /* SlideMenuViewController.h */ = {isa = PBXFileReference; fileEncoding = 4; lastKnownFileType = sourcecode.c.h; name = SlideMenuViewController.h; path = ice/Classes/SlideMenuViewController.h; sourceTree = "<group>"; };
		F32E94DE1BDCCD04008F9AA5 /* SlideMenuViewController.m */ = {isa = PBXFileReference; fileEncoding = 4; lastKnownFileType = sourcecode.c.objc; name = SlideMenuViewController.m; path = ice/Classes/SlideMenuViewController.m; sourceTree = "<group>"; };
		F32E94DF1BDCCD04008F9AA5 /* SlideMenuViewController.xib */ = {isa = PBXFileReference; fileEncoding = 4; lastKnownFileType = file.xib; name = SlideMenuViewController.xib; path = ice/Classes/SlideMenuViewController.xib; sourceTree = "<group>"; };
		F39241C61BE396FA000292AE /* DataStore.h */ = {isa = PBXFileReference; fileEncoding = 4; lastKnownFileType = sourcecode.c.h; name = DataStore.h; path = ice/Classes/DataStore.h; sourceTree = "<group>"; };
		F39241C71BE396FA000292AE /* DataStore.m */ = {isa = PBXFileReference; fileEncoding = 4; lastKnownFileType = sourcecode.c.objc; name = DataStore.m; path = ice/Classes/DataStore.m; sourceTree = "<group>"; };
		F3E1F1871BE4A04100E14B25 /* WikipediaHelper.h */ = {isa = PBXFileReference; fileEncoding = 4; lastKnownFileType = sourcecode.c.h; path = WikipediaHelper.h; sourceTree = "<group>"; };
		F3E1F1881BE4A04100E14B25 /* WikipediaHelper.m */ = {isa = PBXFileReference; fileEncoding = 4; lastKnownFileType = sourcecode.c.objc; path = WikipediaHelper.m; sourceTree = "<group>"; };
		FB851E1C8F53A888D3C01047 /* Pods-ice.release.xcconfig */ = {isa = PBXFileReference; includeInIndex = 1; lastKnownFileType = text.xcconfig; name = "Pods-ice.release.xcconfig"; path = "Pods/Target Support Files/Pods-ice/Pods-ice.release.xcconfig"; sourceTree = "<group>"; };
/* End PBXFileReference section */

/* Begin PBXFrameworksBuildPhase section */
		F30BB15A1BDCC27C00F4FAD2 /* Frameworks */ = {
			isa = PBXFrameworksBuildPhase;
			buildActionMask = 2147483647;
			files = (
				DC1F6FD39928F5E4F3AD28FF /* libPods-ice.a in Frameworks */,
			);
			runOnlyForDeploymentPostprocessing = 0;
		};
/* End PBXFrameworksBuildPhase section */

/* Begin PBXGroup section */
		429095A09B24593CF870B1F3 /* Pods */ = {
			isa = PBXGroup;
			children = (
				29868842B1764B3CC239F80C /* Pods-ice.debug.xcconfig */,
				FB851E1C8F53A888D3C01047 /* Pods-ice.release.xcconfig */,
			);
			name = Pods;
			sourceTree = "<group>";
		};
		4D540575D1E6E23739AB800F /* Frameworks */ = {
			isa = PBXGroup;
			children = (
				1126F15587901FAF623D8055 /* libPods-ice.a */,
			);
			name = Frameworks;
			sourceTree = "<group>";
		};
		F30BB1541BDCC27C00F4FAD2 = {
			isa = PBXGroup;
			children = (
				F30BB15F1BDCC27C00F4FAD2 /* ice */,
				F30BB15E1BDCC27C00F4FAD2 /* Products */,
				429095A09B24593CF870B1F3 /* Pods */,
				4D540575D1E6E23739AB800F /* Frameworks */,
			);
			sourceTree = "<group>";
		};
		F30BB15E1BDCC27C00F4FAD2 /* Products */ = {
			isa = PBXGroup;
			children = (
				F30BB15D1BDCC27C00F4FAD2 /* ice.app */,
			);
			name = Products;
			sourceTree = "<group>";
		};
		F30BB15F1BDCC27C00F4FAD2 /* ice */ = {
			isa = PBXGroup;
			children = (
				F3E1F1851BE4A04100E14B25 /* Libs */,
				F30BB1781BDCC38A00F4FAD2 /* Views */,
				F30BB1791BDCC39B00F4FAD2 /* Classes */,
				F39241C91BE39705000292AE /* Data */,
				F30BB1631BDCC27C00F4FAD2 /* AppDelegate.h */,
				F30BB1641BDCC27C00F4FAD2 /* AppDelegate.m */,
				F30BB1661BDCC27C00F4FAD2 /* ice-Prefix.pch */,
				F30BB1681BDCC27C00F4FAD2 /* Assets.xcassets */,
				F30BB16A1BDCC27C00F4FAD2 /* LaunchScreen.storyboard */,
				F30BB16D1BDCC27C00F4FAD2 /* Info.plist */,
				F30BB1601BDCC27C00F4FAD2 /* Supporting Files */,
			);
			path = ice;
			sourceTree = "<group>";
		};
		F30BB1601BDCC27C00F4FAD2 /* Supporting Files */ = {
			isa = PBXGroup;
			children = (
				F30BB1611BDCC27C00F4FAD2 /* main.m */,
			);
			name = "Supporting Files";
			sourceTree = "<group>";
		};
		F30BB1781BDCC38A00F4FAD2 /* Views */ = {
			isa = PBXGroup;
			children = (
				F30BB1751BDCC38400F4FAD2 /* MainViewController.xib */,
				F32E94DF1BDCCD04008F9AA5 /* SlideMenuViewController.xib */,
			);
			name = Views;
			path = ..;
			sourceTree = "<group>";
		};
		F30BB1791BDCC39B00F4FAD2 /* Classes */ = {
			isa = PBXGroup;
			children = (
				F30BB1731BDCC38400F4FAD2 /* MainViewController.h */,
				F30BB1741BDCC38400F4FAD2 /* MainViewController.m */,
				F32E94DD1BDCCD04008F9AA5 /* SlideMenuViewController.h */,
				F32E94DE1BDCCD04008F9AA5 /* SlideMenuViewController.m */,
			);
			name = Classes;
			path = ..;
			sourceTree = "<group>";
		};
		F39241C91BE39705000292AE /* Data */ = {
			isa = PBXGroup;
			children = (
				F39241C61BE396FA000292AE /* DataStore.h */,
				F39241C71BE396FA000292AE /* DataStore.m */,
			);
			name = Data;
			path = ..;
			sourceTree = "<group>";
		};
		F3E1F1851BE4A04100E14B25 /* Libs */ = {
			isa = PBXGroup;
			children = (
				F3E1F1861BE4A04100E14B25 /* WikiApiObjectiveC */,
			);
			name = Libs;
			path = Ice/Libs;
			sourceTree = SOURCE_ROOT;
		};
		F3E1F1861BE4A04100E14B25 /* WikiApiObjectiveC */ = {
			isa = PBXGroup;
			children = (
				F3E1F1871BE4A04100E14B25 /* WikipediaHelper.h */,
				F3E1F1881BE4A04100E14B25 /* WikipediaHelper.m */,
			);
			path = WikiApiObjectiveC;
			sourceTree = "<group>";
		};
/* End PBXGroup section */

/* Begin PBXNativeTarget section */
		F30BB15C1BDCC27C00F4FAD2 /* ice */ = {
			isa = PBXNativeTarget;
			buildConfigurationList = F30BB1701BDCC27C00F4FAD2 /* Build configuration list for PBXNativeTarget "ice" */;
			buildPhases = (
				837528167382129EEBBF4B27 /* Check Pods Manifest.lock */,
				F30BB1591BDCC27C00F4FAD2 /* Sources */,
				F30BB15A1BDCC27C00F4FAD2 /* Frameworks */,
				F30BB15B1BDCC27C00F4FAD2 /* Resources */,
				4283CB930078C0E7F15D24CA /* Embed Pods Frameworks */,
				0721C8421E2EE9987673155B /* Copy Pods Resources */,
			);
			buildRules = (
			);
			dependencies = (
			);
			name = ice;
			productName = ice;
			productReference = F30BB15D1BDCC27C00F4FAD2 /* ice.app */;
			productType = "com.apple.product-type.application";
		};
/* End PBXNativeTarget section */

/* Begin PBXProject section */
		F30BB1551BDCC27C00F4FAD2 /* Project object */ = {
			isa = PBXProject;
			attributes = {
				LastUpgradeCheck = 0710;
				ORGANIZATIONNAME = "HeZhi Corp.";
				TargetAttributes = {
					F30BB15C1BDCC27C00F4FAD2 = {
						CreatedOnToolsVersion = 7.1;
					};
				};
			};
			buildConfigurationList = F30BB1581BDCC27C00F4FAD2 /* Build configuration list for PBXProject "ice" */;
			compatibilityVersion = "Xcode 3.2";
			developmentRegion = English;
			hasScannedForEncodings = 0;
			knownRegions = (
				en,
				Base,
			);
			mainGroup = F30BB1541BDCC27C00F4FAD2;
			productRefGroup = F30BB15E1BDCC27C00F4FAD2 /* Products */;
			projectDirPath = "";
			projectRoot = "";
			targets = (
				F30BB15C1BDCC27C00F4FAD2 /* ice */,
			);
		};
/* End PBXProject section */

/* Begin PBXResourcesBuildPhase section */
		F30BB15B1BDCC27C00F4FAD2 /* Resources */ = {
			isa = PBXResourcesBuildPhase;
			buildActionMask = 2147483647;
			files = (
				F30BB16C1BDCC27C00F4FAD2 /* LaunchScreen.storyboard in Resources */,
				F30BB1691BDCC27C00F4FAD2 /* Assets.xcassets in Resources */,
				F30BB1671BDCC27C00F4FAD2 /* ice-Prefix.pch in Resources */,
				F32E94E11BDCCD04008F9AA5 /* SlideMenuViewController.xib in Resources */,
				F30BB1771BDCC38400F4FAD2 /* MainViewController.xib in Resources */,
			);
			runOnlyForDeploymentPostprocessing = 0;
		};
/* End PBXResourcesBuildPhase section */

/* Begin PBXShellScriptBuildPhase section */
		0721C8421E2EE9987673155B /* Copy Pods Resources */ = {
			isa = PBXShellScriptBuildPhase;
			buildActionMask = 2147483647;
			files = (
			);
			inputPaths = (
			);
			name = "Copy Pods Resources";
			outputPaths = (
			);
			runOnlyForDeploymentPostprocessing = 0;
			shellPath = /bin/sh;
			shellScript = "\"${SRCROOT}/Pods/Target Support Files/Pods-ice/Pods-ice-resources.sh\"\n";
			showEnvVarsInLog = 0;
		};
		4283CB930078C0E7F15D24CA /* Embed Pods Frameworks */ = {
			isa = PBXShellScriptBuildPhase;
			buildActionMask = 2147483647;
			files = (
			);
			inputPaths = (
			);
			name = "Embed Pods Frameworks";
			outputPaths = (
			);
			runOnlyForDeploymentPostprocessing = 0;
			shellPath = /bin/sh;
			shellScript = "\"${SRCROOT}/Pods/Target Support Files/Pods-ice/Pods-ice-frameworks.sh\"\n";
			showEnvVarsInLog = 0;
		};
		837528167382129EEBBF4B27 /* Check Pods Manifest.lock */ = {
			isa = PBXShellScriptBuildPhase;
			buildActionMask = 2147483647;
			files = (
			);
			inputPaths = (
			);
			name = "Check Pods Manifest.lock";
			outputPaths = (
			);
			runOnlyForDeploymentPostprocessing = 0;
			shellPath = /bin/sh;
			shellScript = "diff \"${PODS_ROOT}/../Podfile.lock\" \"${PODS_ROOT}/Manifest.lock\" > /dev/null\nif [[ $? != 0 ]] ; then\n    cat << EOM\nerror: The sandbox is not in sync with the Podfile.lock. Run 'pod install' or update your CocoaPods installation.\nEOM\n    exit 1\nfi\n";
			showEnvVarsInLog = 0;
		};
/* End PBXShellScriptBuildPhase section */

/* Begin PBXSourcesBuildPhase section */
		F30BB1591BDCC27C00F4FAD2 /* Sources */ = {
			isa = PBXSourcesBuildPhase;
			buildActionMask = 2147483647;
			files = (
				F30BB1651BDCC27C00F4FAD2 /* AppDelegate.m in Sources */,
				F30BB1761BDCC38400F4FAD2 /* MainViewController.m in Sources */,
				F32E94E01BDCCD04008F9AA5 /* SlideMenuViewController.m in Sources */,
				F3E1F1891BE4A04100E14B25 /* WikipediaHelper.m in Sources */,
				F30BB1621BDCC27C00F4FAD2 /* main.m in Sources */,
				F39241C81BE396FA000292AE /* DataStore.m in Sources */,
			);
			runOnlyForDeploymentPostprocessing = 0;
		};
/* End PBXSourcesBuildPhase section */

/* Begin PBXVariantGroup section */
		F30BB16A1BDCC27C00F4FAD2 /* LaunchScreen.storyboard */ = {
			isa = PBXVariantGroup;
			children = (
				F30BB16B1BDCC27C00F4FAD2 /* Base */,
			);
			name = LaunchScreen.storyboard;
			sourceTree = "<group>";
		};
/* End PBXVariantGroup section */

/* Begin XCBuildConfiguration section */
		F30BB16E1BDCC27C00F4FAD2 /* Debug */ = {
			isa = XCBuildConfiguration;
			buildSettings = {
				ALWAYS_SEARCH_USER_PATHS = NO;
				CLANG_CXX_LANGUAGE_STANDARD = "gnu++0x";
				CLANG_CXX_LIBRARY = "libc++";
				CLANG_ENABLE_MODULES = YES;
				CLANG_ENABLE_OBJC_ARC = YES;
				CLANG_WARN_BOOL_CONVERSION = YES;
				CLANG_WARN_CONSTANT_CONVERSION = YES;
				CLANG_WARN_DIRECT_OBJC_ISA_USAGE = YES_ERROR;
				CLANG_WARN_EMPTY_BODY = YES;
				CLANG_WARN_ENUM_CONVERSION = YES;
				CLANG_WARN_INT_CONVERSION = YES;
				CLANG_WARN_OBJC_ROOT_CLASS = YES_ERROR;
				CLANG_WARN_UNREACHABLE_CODE = YES;
				CLANG_WARN__DUPLICATE_METHOD_MATCH = YES;
				"CODE_SIGN_IDENTITY[sdk=iphoneos*]" = "iPhone Developer";
				COPY_PHASE_STRIP = NO;
				DEBUG_INFORMATION_FORMAT = dwarf;
				ENABLE_STRICT_OBJC_MSGSEND = YES;
				ENABLE_TESTABILITY = YES;
				GCC_C_LANGUAGE_STANDARD = gnu99;
				GCC_DYNAMIC_NO_PIC = NO;
				GCC_NO_COMMON_BLOCKS = YES;
				GCC_OPTIMIZATION_LEVEL = 0;
				GCC_PREPROCESSOR_DEFINITIONS = (
					"DEBUG=1",
					"$(inherited)",
				);
				GCC_WARN_64_TO_32_BIT_CONVERSION = YES;
				GCC_WARN_ABOUT_RETURN_TYPE = YES_ERROR;
				GCC_WARN_UNDECLARED_SELECTOR = YES;
				GCC_WARN_UNINITIALIZED_AUTOS = YES_AGGRESSIVE;
				GCC_WARN_UNUSED_FUNCTION = YES;
				GCC_WARN_UNUSED_VARIABLE = YES;
				IPHONEOS_DEPLOYMENT_TARGET = 9.1;
				MTL_ENABLE_DEBUG_INFO = YES;
				ONLY_ACTIVE_ARCH = YES;
				SDKROOT = iphoneos;
			};
			name = Debug;
		};
		F30BB16F1BDCC27C00F4FAD2 /* Release */ = {
			isa = XCBuildConfiguration;
			buildSettings = {
				ALWAYS_SEARCH_USER_PATHS = NO;
				CLANG_CXX_LANGUAGE_STANDARD = "gnu++0x";
				CLANG_CXX_LIBRARY = "libc++";
				CLANG_ENABLE_MODULES = YES;
				CLANG_ENABLE_OBJC_ARC = YES;
				CLANG_WARN_BOOL_CONVERSION = YES;
				CLANG_WARN_CONSTANT_CONVERSION = YES;
				CLANG_WARN_DIRECT_OBJC_ISA_USAGE = YES_ERROR;
				CLANG_WARN_EMPTY_BODY = YES;
				CLANG_WARN_ENUM_CONVERSION = YES;
				CLANG_WARN_INT_CONVERSION = YES;
				CLANG_WARN_OBJC_ROOT_CLASS = YES_ERROR;
				CLANG_WARN_UNREACHABLE_CODE = YES;
				CLANG_WARN__DUPLICATE_METHOD_MATCH = YES;
				"CODE_SIGN_IDENTITY[sdk=iphoneos*]" = "iPhone Developer";
				COPY_PHASE_STRIP = NO;
				DEBUG_INFORMATION_FORMAT = "dwarf-with-dsym";
				ENABLE_NS_ASSERTIONS = NO;
				ENABLE_STRICT_OBJC_MSGSEND = YES;
				GCC_C_LANGUAGE_STANDARD = gnu99;
				GCC_NO_COMMON_BLOCKS = YES;
				GCC_WARN_64_TO_32_BIT_CONVERSION = YES;
				GCC_WARN_ABOUT_RETURN_TYPE = YES_ERROR;
				GCC_WARN_UNDECLARED_SELECTOR = YES;
				GCC_WARN_UNINITIALIZED_AUTOS = YES_AGGRESSIVE;
				GCC_WARN_UNUSED_FUNCTION = YES;
				GCC_WARN_UNUSED_VARIABLE = YES;
				IPHONEOS_DEPLOYMENT_TARGET = 9.1;
				MTL_ENABLE_DEBUG_INFO = NO;
				SDKROOT = iphoneos;
				VALIDATE_PRODUCT = YES;
			};
			name = Release;
		};
		F30BB1711BDCC27C00F4FAD2 /* Debug */ = {
			isa = XCBuildConfiguration;
			baseConfigurationReference = 29868842B1764B3CC239F80C /* Pods-ice.debug.xcconfig */;
			buildSettings = {
				ASSETCATALOG_COMPILER_APPICON_NAME = AppIcon;
				INFOPLIST_FILE = ice/Info.plist;
				LD_RUNPATH_SEARCH_PATHS = "$(inherited) @executable_path/Frameworks";
				PRODUCT_BUNDLE_IDENTIFIER = li.hezhi.ice;
				PRODUCT_NAME = "$(TARGET_NAME)";
				USER_HEADER_SEARCH_PATHS = "${SRCROOT}/**";
			};
			name = Debug;
		};
		F30BB1721BDCC27C00F4FAD2 /* Release */ = {
			isa = XCBuildConfiguration;
			baseConfigurationReference = FB851E1C8F53A888D3C01047 /* Pods-ice.release.xcconfig */;
			buildSettings = {
				ASSETCATALOG_COMPILER_APPICON_NAME = AppIcon;
				INFOPLIST_FILE = ice/Info.plist;
				LD_RUNPATH_SEARCH_PATHS = "$(inherited) @executable_path/Frameworks";
				PRODUCT_BUNDLE_IDENTIFIER = li.hezhi.ice;
				PRODUCT_NAME = "$(TARGET_NAME)";
				USER_HEADER_SEARCH_PATHS = "${SRCROOT}/**";
			};
			name = Release;
		};
/* End XCBuildConfiguration section */

/* Begin XCConfigurationList section */
		F30BB1581BDCC27C00F4FAD2 /* Build configuration list for PBXProject "ice" */ = {
			isa = XCConfigurationList;
			buildConfigurations = (
				F30BB16E1BDCC27C00F4FAD2 /* Debug */,
				F30BB16F1BDCC27C00F4FAD2 /* Release */,
			);
			defaultConfigurationIsVisible = 0;
			defaultConfigurationName = Release;
		};
		F30BB1701BDCC27C00F4FAD2 /* Build configuration list for PBXNativeTarget "ice" */ = {
			isa = XCConfigurationList;
			buildConfigurations = (
				F30BB1711BDCC27C00F4FAD2 /* Debug */,
				F30BB1721BDCC27C00F4FAD2 /* Release */,
			);
			defaultConfigurationIsVisible = 0;
			defaultConfigurationName = Release;
		};
/* End XCConfigurationList section */
	};
	rootObject = F30BB1551BDCC27C00F4FAD2 /* Project object */;
}
